// !$*UTF8*$!
{
	archiveVersion = 1;
	classes = {
	};
	objectVersion = 56;
	objects = {

/* Begin PBXBuildFile section */
		AA00000121509A3800BD885B /* EZProxyApp.swift in Sources */ = {isa = PBXBuildFile; fileRef = AA00000021509A3800BD885B /* EZProxyApp.swift */; };
		AA00000321509A3800BD885B /* SettingsView.swift in Sources */ = {isa = PBXBuildFile; fileRef = AA00000221509A3800BD885B /* SettingsView.swift */; };
		AA00000521509A3800BD885B /* SettingsViewModel.swift in Sources */ = {isa = PBXBuildFile; fileRef = AA00000421509A3800BD885B /* SettingsViewModel.swift */; };
		AA00000721509A3800BD885B /* Assets.xcassets in Resources */ = {isa = PBXBuildFile; fileRef = AA00000621509A3800BD885B /* Assets.xcassets */; };
		AA00000B21509A3800BD885B /* EZProxyApp.swift in Sources */ = {isa = PBXBuildFile; fileRef = AA00000021509A3800BD885B /* EZProxyApp.swift */; };
		AA00000D21509A3800BD885B /* SettingsView.swift in Sources */ = {isa = PBXBuildFile; fileRef = AA00000221509A3800BD885B /* SettingsView.swift */; };
		AA00000F21509A3800BD885B /* SettingsViewModel.swift in Sources */ = {isa = PBXBuildFile; fileRef = AA00000421509A3800BD885B /* SettingsViewModel.swift */; };
		AA00001121509A3800BD885B /* Assets.xcassets in Resources */ = {isa = PBXBuildFile; fileRef = AA00000621509A3800BD885B /* Assets.xcassets */; };
		BB00000221509A5D00BD885B /* SafariWebExtensionHandler.swift in Sources */ = {isa = PBXBuildFile; fileRef = BB00000121509A5D00BD885B /* SafariWebExtensionHandler.swift */; };
		BB00000421509A5D00BD885B /* SafariWebExtensionHandler.swift in Sources */ = {isa = PBXBuildFile; fileRef = BB00000121509A5D00BD885B /* SafariWebExtensionHandler.swift */; };
		BB00000621509A5D00BD885B /* Resources in Resources */ = {isa = PBXBuildFile; fileRef = BB00000521509A5D00BD885B /* Resources */; };
		BB00000821509A5D00BD885B /* Resources in Resources */ = {isa = PBXBuildFile; fileRef = BB00000521509A5D00BD885B /* Resources */; };
		BB00000A21509A5D00BD885B /* EZProxy Web Extension.appex in Embed Foundation Extensions */ = {isa = PBXBuildFile; fileRef = BB00000921509A5D00BD885B /* EZProxy Web Extension.appex */; settings = {ATTRIBUTES = (RemoveHeadersOnCopy, ); }; };
		BB00000C21509A5D00BD885B /* EZProxy Web Extension.appex in Embed Foundation Extensions */ = {isa = PBXBuildFile; fileRef = BB00000B21509A5D00BD885B /* EZProxy Web Extension.appex */; settings = {ATTRIBUTES = (RemoveHeadersOnCopy, ); }; };
/* End PBXBuildFile section */

/* Begin PBXContainerItemProxy section */
		BB00001021509A5D00BD885B /* PBXContainerItemProxy */ = {
			isa = PBXContainerItemProxy;
			containerPortal = 121BC16B21509A3800BD885B /* Project object */;
			proxyType = 1;
			remoteGlobalIDString = BB00000921509A5D00BD885B;
			remoteInfo = "EZProxy Web Extension (macOS)";
		};
		BB00001221509A5D00BD885B /* PBXContainerItemProxy */ = {
			isa = PBXContainerItemProxy;
			containerPortal = 121BC16B21509A3800BD885B /* Project object */;
			proxyType = 1;
			remoteGlobalIDString = BB00000B21509A5D00BD885B;
			remoteInfo = "EZProxy Web Extension (iOS)";
		};
/* End PBXContainerItemProxy section */

/* Begin PBXCopyFilesBuildPhase section */
		BB00001421509A5D00BD885B /* Embed Foundation Extensions */ = {
			isa = PBXCopyFilesBuildPhase;
			buildActionMask = 2147483647;
			dstPath = "";
			dstSubfolderSpec = 13;
			files = (
				BB00000A21509A5D00BD885B /* EZProxy Web Extension.appex in Embed Foundation Extensions */,
			);
			name = "Embed Foundation Extensions";
			runOnlyForDeploymentPostprocessing = 0;
		};
		BB00001621509A5D00BD885B /* Embed Foundation Extensions */ = {
			isa = PBXCopyFilesBuildPhase;
			buildActionMask = 2147483647;
			dstPath = "";
			dstSubfolderSpec = 13;
			files = (
				BB00000C21509A5D00BD885B /* EZProxy Web Extension.appex in Embed Foundation Extensions */,
			);
			name = "Embed Foundation Extensions";
			runOnlyForDeploymentPostprocessing = 0;
		};
/* End PBXCopyFilesBuildPhase section */

/* Begin PBXFileReference section */
		121BC17321509A3800BD885B /* EZProxy.app */ = {isa = PBXFileReference; explicitFileType = wrapper.application; includeInIndex = 0; path = EZProxy.app; sourceTree = BUILT_PRODUCTS_DIR; };
		121BC17521509A3800BD885B /* EZProxy.app */ = {isa = PBXFileReference; explicitFileType = wrapper.application; includeInIndex = 0; path = EZProxy.app; sourceTree = BUILT_PRODUCTS_DIR; };
		AA00000021509A3800BD885B /* EZProxyApp.swift */ = {isa = PBXFileReference; lastKnownFileType = sourcecode.swift; path = EZProxyApp.swift; sourceTree = "<group>"; };
		AA00000221509A3800BD885B /* SettingsView.swift */ = {isa = PBXFileReference; lastKnownFileType = sourcecode.swift; path = SettingsView.swift; sourceTree = "<group>"; };
		AA00000421509A3800BD885B /* SettingsViewModel.swift */ = {isa = PBXFileReference; lastKnownFileType = sourcecode.swift; path = SettingsViewModel.swift; sourceTree = "<group>"; };
		AA00000621509A3800BD885B /* Assets.xcassets */ = {isa = PBXFileReference; lastKnownFileType = folder.assetcatalog; path = Assets.xcassets; sourceTree = "<group>"; };
		AA00000821509A3800BD885B /* Info.plist */ = {isa = PBXFileReference; lastKnownFileType = text.plist.xml; path = Info.plist; sourceTree = "<group>"; };
		AA00000921509A3800BD885B /* EZProxy Universal.entitlements */ = {isa = PBXFileReference; lastKnownFileType = text.plist.entitlements; path = "EZProxy Universal.entitlements"; sourceTree = "<group>"; };
		BB00000121509A5D00BD885B /* SafariWebExtensionHandler.swift */ = {isa = PBXFileReference; lastKnownFileType = sourcecode.swift; path = SafariWebExtensionHandler.swift; sourceTree = "<group>"; };
		BB00000321509A5D00BD885B /* Info.plist */ = {isa = PBXFileReference; lastKnownFileType = text.plist.xml; path = Info.plist; sourceTree = "<group>"; };
		BB00000521509A5D00BD885B /* Resources */ = {isa = PBXFileReference; lastKnownFileType = folder; path = Resources; sourceTree = "<group>"; };
		BB00000721509A5D00BD885B /* EZProxy Web Extension.entitlements */ = {isa = PBXFileReference; lastKnownFileType = text.plist.entitlements; path = "EZProxy Web Extension.entitlements"; sourceTree = "<group>"; };
		BB00000921509A5D00BD885B /* EZProxy Web Extension.appex */ = {isa = PBXFileReference; explicitFileType = "wrapper.app-extension"; includeInIndex = 0; path = "EZProxy Web Extension.appex"; sourceTree = BUILT_PRODUCTS_DIR; };
		BB00000B21509A5D00BD885B /* EZProxy Web Extension.appex */ = {isa = PBXFileReference; explicitFileType = "wrapper.app-extension"; includeInIndex = 0; path = "EZProxy Web Extension.appex"; sourceTree = BUILT_PRODUCTS_DIR; };
/* End PBXFileReference section */

/* Begin PBXFrameworksBuildPhase section */
		121BC17021509A3800BD885B /* Frameworks */ = {
			isa = PBXFrameworksBuildPhase;
			buildActionMask = 2147483647;
			files = (
			);
			runOnlyForDeploymentPostprocessing = 0;
		};
		121BC17221509A3800BD885B /* Frameworks */ = {
			isa = PBXFrameworksBuildPhase;
			buildActionMask = 2147483647;
			files = (
			);
			runOnlyForDeploymentPostprocessing = 0;
		};
		BB00000D21509A5D00BD885B /* Frameworks */ = {
			isa = PBXFrameworksBuildPhase;
			buildActionMask = 2147483647;
			files = (
			);
			runOnlyForDeploymentPostprocessing = 0;
		};
		BB00000E21509A5D00BD885B /* Frameworks */ = {
			isa = PBXFrameworksBuildPhase;
			buildActionMask = 2147483647;
			files = (
			);
			runOnlyForDeploymentPostprocessing = 0;
		};
/* End PBXFrameworksBuildPhase section */

/* Begin PBXGroup section */
		121BC16A21509A3800BD885B = {
			isa = PBXGroup;
			children = (
				AA00001821509A3800BD885B /* EZProxy Universal */,
				BB00001821509A5D00BD885B /* EZProxy Web Extension */,
				121BC17421509A3800BD885B /* Products */,
			);
			sourceTree = "<group>";
		};
		121BC17421509A3800BD885B /* Products */ = {
			isa = PBXGroup;
			children = (
				121BC17321509A3800BD885B /* EZProxy.app */,
				121BC17521509A3800BD885B /* EZProxy.app */,
				BB00000921509A5D00BD885B /* EZProxy Web Extension.appex */,
				BB00000B21509A5D00BD885B /* EZProxy Web Extension.appex */,
			);
			name = Products;
			sourceTree = "<group>";
		};
		AA00001821509A3800BD885B /* EZProxy Universal */ = {
			isa = PBXGroup;
			children = (
				AA00000021509A3800BD885B /* EZProxyApp.swift */,
				AA00000221509A3800BD885B /* SettingsView.swift */,
				AA00000421509A3800BD885B /* SettingsViewModel.swift */,
				AA00000621509A3800BD885B /* Assets.xcassets */,
				AA00000821509A3800BD885B /* Info.plist */,
				AA00000921509A3800BD885B /* EZProxy Universal.entitlements */,
			);
			path = "EZProxy Universal";
			sourceTree = "<group>";
		};
		BB00001821509A5D00BD885B /* EZProxy Web Extension */ = {
			isa = PBXGroup;
			children = (
				BB00000121509A5D00BD885B /* SafariWebExtensionHandler.swift */,
				BB00000521509A5D00BD885B /* Resources */,
				BB00000321509A5D00BD885B /* Info.plist */,
				BB00000721509A5D00BD885B /* EZProxy Web Extension.entitlements */,
			);
			path = "EZProxy Web Extension";
			sourceTree = "<group>";
		};
/* End PBXGroup section */

/* Begin PBXNativeTarget section */
		121BC17221509A3800BD885B /* EZProxy (macOS) */ = {
			isa = PBXNativeTarget;
			buildConfigurationList = 121BC18321509A3C00BD885B /* Build configuration list for PBXNativeTarget "EZProxy (macOS)" */;
			buildPhases = (
				121BC16F21509A3800BD885B /* Sources */,
				121BC17021509A3800BD885B /* Frameworks */,
				121BC17121509A3800BD885B /* Resources */,
				BB00001421509A5D00BD885B /* Embed Foundation Extensions */,
			);
			buildRules = (
			);
			dependencies = (
				BB00001121509A5D00BD885B /* PBXTargetDependency */,
			);
			name = "EZProxy (macOS)";
			productName = EZProxy;
			productReference = 121BC17321509A3800BD885B /* EZProxy.app */;
			productType = "com.apple.product-type.application";
		};
		121BC17421509A3800BD885B /* EZProxy (iOS) */ = {
			isa = PBXNativeTarget;
			buildConfigurationList = 121BC18521509A3C00BD885B /* Build configuration list for PBXNativeTarget "EZProxy (iOS)" */;
			buildPhases = (
				121BC17621509A3800BD885B /* Sources */,
				121BC17221509A3800BD885B /* Frameworks */,
				121BC17721509A3800BD885B /* Resources */,
				BB00001621509A5D00BD885B /* Embed Foundation Extensions */,
			);
			buildRules = (
			);
			dependencies = (
				BB00001321509A5D00BD885B /* PBXTargetDependency */,
			);
			name = "EZProxy (iOS)";
			productName = EZProxy;
			productReference = 121BC17521509A3800BD885B /* EZProxy.app */;
			productType = "com.apple.product-type.application";
		};
		BB00000921509A5D00BD885B /* EZProxy Web Extension (macOS) */ = {
			isa = PBXNativeTarget;
			buildConfigurationList = BB00001A21509A5D00BD885B /* Build configuration list for PBXNativeTarget "EZProxy Web Extension (macOS)" */;
			buildPhases = (
				BB00001521509A5D00BD885B /* Sources */,
				BB00000D21509A5D00BD885B /* Frameworks */,
				BB00001721509A5D00BD885B /* Resources */,
			);
			buildRules = (
			);
			dependencies = (
			);
			name = "EZProxy Web Extension (macOS)";
			productName = "EZProxy Web Extension";
			productReference = BB00000921509A5D00BD885B /* EZProxy Web Extension.appex */;
			productType = "com.apple.product-type.app-extension";
		};
		BB00000B21509A5D00BD885B /* EZProxy Web Extension (iOS) */ = {
			isa = PBXNativeTarget;
			buildConfigurationList = BB00001C21509A5D00BD885B /* Build configuration list for PBXNativeTarget "EZProxy Web Extension (iOS)" */;
			buildPhases = (
				BB00001921509A5D00BD885B /* Sources */,
				BB00000E21509A5D00BD885B /* Frameworks */,
				BB00001B21509A5D00BD885B /* Resources */,
			);
			buildRules = (
			);
			dependencies = (
			);
			name = "EZProxy Web Extension (iOS)";
			productName = "EZProxy Web Extension";
			productReference = BB00000B21509A5D00BD885B /* EZProxy Web Extension.appex */;
			productType = "com.apple.product-type.app-extension";
		};
/* End PBXNativeTarget section */

/* Begin PBXProject section */
		121BC16B21509A3800BD885B /* Project object */ = {
			isa = PBXProject;
			attributes = {
				BuildIndependentTargetsInParallel = 1;
				LastSwiftUpdateCheck = 1500;
				LastUpgradeCheck = 1500;
				TargetAttributes = {
					121BC17221509A3800BD885B = {
						CreatedOnToolsVersion = 15.0;
					};
					121BC17421509A3800BD885B = {
						CreatedOnToolsVersion = 15.0;
					};
					BB00000921509A5D00BD885B = {
						CreatedOnToolsVersion = 15.0;
					};
					BB00000B21509A5D00BD885B = {
						CreatedOnToolsVersion = 15.0;
					};
				};
			};
			buildConfigurationList = 121BC16E21509A3800BD885B /* Build configuration list for PBXProject "EZProxy" */;
			compatibilityVersion = "Xcode 14.0";
			developmentRegion = en;
			hasScannedForEncodings = 0;
			knownRegions = (
				en,
				Base,
			);
			mainGroup = 121BC16A21509A3800BD885B;
			productRefGroup = 121BC17421509A3800BD885B /* Products */;
			projectDirPath = "";
			projectRoot = "";
			targets = (
				121BC17221509A3800BD885B /* EZProxy (macOS) */,
				121BC17421509A3800BD885B /* EZProxy (iOS) */,
				BB00000921509A5D00BD885B /* EZProxy Web Extension (macOS) */,
				BB00000B21509A5D00BD885B /* EZProxy Web Extension (iOS) */,
			);
		};
/* End PBXProject section */

/* Begin PBXResourcesBuildPhase section */
		121BC17121509A3800BD885B /* Resources */ = {
			isa = PBXResourcesBuildPhase;
			buildActionMask = 2147483647;
			files = (
				AA00000721509A3800BD885B /* Assets.xcassets in Resources */,
			);
			runOnlyForDeploymentPostprocessing = 0;
		};
		121BC17721509A3800BD885B /* Resources */ = {
			isa = PBXResourcesBuildPhase;
			buildActionMask = 2147483647;
			files = (
				AA00001121509A3800BD885B /* Assets.xcassets in Resources */,
			);
			runOnlyForDeploymentPostprocessing = 0;
		};
		BB00001721509A5D00BD885B /* Resources */ = {
			isa = PBXResourcesBuildPhase;
			buildActionMask = 2147483647;
			files = (
				BB00000621509A5D00BD885B /* Resources in Resources */,
			);
			runOnlyForDeploymentPostprocessing = 0;
		};
		BB00001B21509A5D00BD885B /* Resources */ = {
			isa = PBXResourcesBuildPhase;
			buildActionMask = 2147483647;
			files = (
				BB00000821509A5D00BD885B /* Resources in Resources */,
			);
			runOnlyForDeploymentPostprocessing = 0;
		};
/* End PBXResourcesBuildPhase section */

/* Begin PBXSourcesBuildPhase section */
		121BC16F21509A3800BD885B /* Sources */ = {
			isa = PBXSourcesBuildPhase;
			buildActionMask = 2147483647;
			files = (
				AA00000121509A3800BD885B /* EZProxyApp.swift in Sources */,
				AA00000321509A3800BD885B /* SettingsView.swift in Sources */,
				AA00000521509A3800BD885B /* SettingsViewModel.swift in Sources */,
			);
			runOnlyForDeploymentPostprocessing = 0;
		};
		121BC17621509A3800BD885B /* Sources */ = {
			isa = PBXSourcesBuildPhase;
			buildActionMask = 2147483647;
			files = (
				AA00000B21509A3800BD885B /* EZProxyApp.swift in Sources */,
				AA00000D21509A3800BD885B /* SettingsView.swift in Sources */,
				AA00000F21509A3800BD885B /* SettingsViewModel.swift in Sources */,
			);
			runOnlyForDeploymentPostprocessing = 0;
		};
		BB00001521509A5D00BD885B /* Sources */ = {
			isa = PBXSourcesBuildPhase;
			buildActionMask = 2147483647;
			files = (
				BB00000221509A5D00BD885B /* SafariWebExtensionHandler.swift in Sources */,
			);
			runOnlyForDeploymentPostprocessing = 0;
		};
		BB00001921509A5D00BD885B /* Sources */ = {
			isa = PBXSourcesBuildPhase;
			buildActionMask = 2147483647;
			files = (
				BB00000421509A5D00BD885B /* SafariWebExtensionHandler.swift in Sources */,
			);
			runOnlyForDeploymentPostprocessing = 0;
		};
/* End PBXSourcesBuildPhase section */

/* Begin PBXTargetDependency section */
		BB00001121509A5D00BD885B /* PBXTargetDependency */ = {
			isa = PBXTargetDependency;
			target = BB00000921509A5D00BD885B /* EZProxy Web Extension (macOS) */;
			targetProxy = BB00001021509A5D00BD885B /* PBXContainerItemProxy */;
		};
		BB00001321509A5D00BD885B /* PBXTargetDependency */ = {
			isa = PBXTargetDependency;
			target = BB00000B21509A5D00BD885B /* EZProxy Web Extension (iOS) */;
			targetProxy = BB00001221509A5D00BD885B /* PBXContainerItemProxy */;
		};
/* End PBXTargetDependency section */

/* Begin XCBuildConfiguration section */
		121BC17E21509A3C00BD885B /* Debug */ = {
			isa = XCBuildConfiguration;
			buildSettings = {
				ALWAYS_SEARCH_USER_PATHS = NO;
				ASSETCATALOG_COMPILER_GENERATE_SWIFT_ASSET_SYMBOL_EXTENSIONS = YES;
				CLANG_ANALYZER_NONNULL = YES;
				CLANG_ANALYZER_NUMBER_OBJECT_CONVERSION = YES_AGGRESSIVE;
				CLANG_CXX_LANGUAGE_STANDARD = "gnu++20";
				CLANG_ENABLE_MODULES = YES;
				CLANG_ENABLE_OBJC_ARC = YES;
				CLANG_ENABLE_OBJC_WEAK = YES;
				CLANG_WARN_BLOCK_CAPTURE_AUTORELEASING = YES;
				CLANG_WARN_BOOL_CONVERSION = YES;
				CLANG_WARN_COMMA = YES;
				CLANG_WARN_CONSTANT_CONVERSION = YES;
				CLANG_WARN_DEPRECATED_OBJC_IMPLEMENTATIONS = YES;
				CLANG_WARN_DIRECT_OBJC_ISA_USAGE = YES_ERROR;
				CLANG_WARN_DOCUMENTATION_COMMENTS = YES;
				CLANG_WARN_EMPTY_BODY = YES;
				CLANG_WARN_ENUM_CONVERSION = YES;
				CLANG_WARN_INFINITE_RECURSION = YES;
				CLANG_WARN_INT_CONVERSION = YES;
				CLANG_WARN_NON_LITERAL_NULL_CONVERSION = YES;
				CLANG_WARN_OBJC_IMPLICIT_RETAIN_SELF = YES;
				CLANG_WARN_OBJC_LITERAL_CONVERSION = YES;
				CLANG_WARN_OBJC_ROOT_CLASS = YES_ERROR;
				CLANG_WARN_QUOTED_INCLUDE_IN_FRAMEWORK_HEADER = YES;
				CLANG_WARN_RANGE_LOOP_ANALYSIS = YES;
				CLANG_WARN_STRICT_PROTOTYPES = YES;
				CLANG_WARN_SUSPICIOUS_MOVE = YES;
				CLANG_WARN_UNGUARDED_AVAILABILITY = YES_AGGRESSIVE;
				CLANG_WARN_UNREACHABLE_CODE = YES;
				CLANG_WARN__DUPLICATE_METHOD_MATCH = YES;
				COPY_PHASE_STRIP = NO;
				DEBUG_INFORMATION_FORMAT = dwarf;
				ENABLE_STRICT_OBJC_MSGSEND = YES;
				ENABLE_TESTABILITY = YES;
				ENABLE_USER_SCRIPT_SANDBOXING = YES;
				GCC_C_LANGUAGE_STANDARD = gnu17;
				GCC_DYNAMIC_NO_PIC = NO;
				GCC_NO_COMMON_BLOCKS = YES;
				GCC_OPTIMIZATION_LEVEL = 0;
				GCC_PREPROCESSOR_DEFINITIONS = (
					"DEBUG=1",
					"$(inherited)",
				);
				GCC_WARN_64_TO_32_BIT_CONVERSION = YES;
				GCC_WARN_ABOUT_RETURN_TYPE = YES_ERROR;
				GCC_WARN_UNDECLARED_SELECTOR = YES;
				GCC_WARN_UNINITIALIZED_AUTOS = YES_AGGRESSIVE;
				GCC_WARN_UNUSED_FUNCTION = YES;
				GCC_WARN_UNUSED_VARIABLE = YES;
				LOCALIZATION_PREFERS_STRING_CATALOGS = YES;
				MTL_ENABLE_DEBUG_INFO = INCLUDE_SOURCE;
				MTL_FAST_MATH = YES;
				ONLY_ACTIVE_ARCH = YES;
				SWIFT_ACTIVE_COMPILATION_CONDITIONS = "DEBUG $(inherited)";
				SWIFT_OPTIMIZATION_LEVEL = "-Onone";
			};
			name = Debug;
		};
		121BC17F21509A3C00BD885B /* Release */ = {
			isa = XCBuildConfiguration;
			buildSettings = {
				ALWAYS_SEARCH_USER_PATHS = NO;
				ASSETCATALOG_COMPILER_GENERATE_SWIFT_ASSET_SYMBOL_EXTENSIONS = YES;
				CLANG_ANALYZER_NONNULL = YES;
				CLANG_ANALYZER_NUMBER_OBJECT_CONVERSION = YES_AGGRESSIVE;
				CLANG_CXX_LANGUAGE_STANDARD = "gnu++20";
				CLANG_ENABLE_MODULES = YES;
				CLANG_ENABLE_OBJC_ARC = YES;
				CLANG_ENABLE_OBJC_WEAK = YES;
				CLANG_WARN_BLOCK_CAPTURE_AUTORELEASING = YES;
				CLANG_WARN_BOOL_CONVERSION = YES;
				CLANG_WARN_COMMA = YES;
				CLANG_WARN_CONSTANT_CONVERSION = YES;
				CLANG_WARN_DEPRECATED_OBJC_IMPLEMENTATIONS = YES;
				CLANG_WARN_DIRECT_OBJC_ISA_USAGE = YES_ERROR;
				CLANG_WARN_DOCUMENTATION_COMMENTS = YES;
				CLANG_WARN_EMPTY_BODY = YES;
				CLANG_WARN_ENUM_CONVERSION = YES;
				CLANG_WARN_INFINITE_RECURSION = YES;
				CLANG_WARN_INT_CONVERSION = YES;
				CLANG_WARN_NON_LITERAL_NULL_CONVERSION = YES;
				CLANG_WARN_OBJC_IMPLICIT_RETAIN_SELF = YES;
				CLANG_WARN_OBJC_LITERAL_CONVERSION = YES;
				CLANG_WARN_OBJC_ROOT_CLASS = YES_ERROR;
				CLANG_WARN_QUOTED_INCLUDE_IN_FRAMEWORK_HEADER = YES;
				CLANG_WARN_RANGE_LOOP_ANALYSIS = YES;
				CLANG_WARN_STRICT_PROTOTYPES = YES;
				CLANG_WARN_SUSPICIOUS_MOVE = YES;
				CLANG_WARN_UNGUARDED_AVAILABILITY = YES_AGGRESSIVE;
				CLANG_WARN_UNREACHABLE_CODE = YES;
				CLANG_WARN__DUPLICATE_METHOD_MATCH = YES;
				COPY_PHASE_STRIP = NO;
				DEBUG_INFORMATION_FORMAT = "dwarf-with-dsym";
				ENABLE_NS_ASSERTIONS = NO;
				ENABLE_STRICT_OBJC_MSGSEND = YES;
				ENABLE_USER_SCRIPT_SANDBOXING = YES;
				GCC_C_LANGUAGE_STANDARD = gnu17;
				GCC_NO_COMMON_BLOCKS = YES;
				GCC_WARN_64_TO_32_BIT_CONVERSION = YES;
				GCC_WARN_ABOUT_RETURN_TYPE = YES_ERROR;
				GCC_WARN_UNDECLARED_SELECTOR = YES;
				GCC_WARN_UNINITIALIZED_AUTOS = YES_AGGRESSIVE;
				GCC_WARN_UNUSED_FUNCTION = YES;
				GCC_WARN_UNUSED_VARIABLE = YES;
				LOCALIZATION_PREFERS_STRING_CATALOGS = YES;
				MTL_ENABLE_DEBUG_INFO = NO;
				MTL_FAST_MATH = YES;
				SWIFT_COMPILATION_MODE = wholemodule;
			};
			name = Release;
		};
		121BC18121509A3C00BD885B /* Debug */ = {
			isa = XCBuildConfiguration;
			buildSettings = {
				ASSETCATALOG_COMPILER_APPICON_NAME = AppIcon;
				ASSETCATALOG_COMPILER_GLOBAL_ACCENT_COLOR_NAME = AccentColor;
				CODE_SIGN_ENTITLEMENTS = "EZProxy Universal/EZProxy Universal.entitlements";
				CODE_SIGN_STYLE = Automatic;
				COMBINE_HIDPI_IMAGES = YES;
				CURRENT_PROJECT_VERSION = 1;
				DEVELOPMENT_TEAM = HK6R36PLNR;
				ENABLE_HARDENED_RUNTIME = YES;
				GENERATE_INFOPLIST_FILE = YES;
				INFOPLIST_FILE = "EZProxy Universal/Info.plist";
				INFOPLIST_KEY_CFBundleDisplayName = EZProxy;
				INFOPLIST_KEY_LSApplicationCategoryType = "public.app-category.utilities";
				INFOPLIST_KEY_NSHumanReadableCopyright = "Copyright © Aidan Cornelius-Bell. Some rights reserved.";
				LD_RUNPATH_SEARCH_PATHS = (
					"$(inherited)",
					"@executable_path/../Frameworks",
				);
				MACOSX_DEPLOYMENT_TARGET = 12.0;
				MARKETING_VERSION = 3.0.0;
				PRODUCT_BUNDLE_IDENTIFIER = "com.cornelius-bell.EZProxy";
				PRODUCT_NAME = EZProxy;
				SDKROOT = macosx;
				SUPPORTED_PLATFORMS = macosx;
				SWIFT_EMIT_LOC_STRINGS = YES;
				SWIFT_VERSION = 5.0;
			};
			name = Debug;
		};
		121BC18221509A3C00BD885B /* Release */ = {
			isa = XCBuildConfiguration;
			buildSettings = {
				ASSETCATALOG_COMPILER_APPICON_NAME = AppIcon;
				ASSETCATALOG_COMPILER_GLOBAL_ACCENT_COLOR_NAME = AccentColor;
				CODE_SIGN_ENTITLEMENTS = "EZProxy Universal/EZProxy Universal.entitlements";
				CODE_SIGN_STYLE = Automatic;
				COMBINE_HIDPI_IMAGES = YES;
				CURRENT_PROJECT_VERSION = 1;
				DEVELOPMENT_TEAM = HK6R36PLNR;
				ENABLE_HARDENED_RUNTIME = YES;
				GENERATE_INFOPLIST_FILE = YES;
				INFOPLIST_FILE = "EZProxy Universal/Info.plist";
				INFOPLIST_KEY_CFBundleDisplayName = EZProxy;
				INFOPLIST_KEY_LSApplicationCategoryType = "public.app-category.utilities";
				INFOPLIST_KEY_NSHumanReadableCopyright = "Copyright © Aidan Cornelius-Bell. Some rights reserved.";
				LD_RUNPATH_SEARCH_PATHS = (
					"$(inherited)",
					"@executable_path/../Frameworks",
				);
				MACOSX_DEPLOYMENT_TARGET = 12.0;
				MARKETING_VERSION = 3.0.0;
				PRODUCT_BUNDLE_IDENTIFIER = "com.cornelius-bell.EZProxy";
				PRODUCT_NAME = EZProxy;
				SDKROOT = macosx;
				SUPPORTED_PLATFORMS = macosx;
				SWIFT_EMIT_LOC_STRINGS = YES;
				SWIFT_VERSION = 5.0;
			};
			name = Release;
		};
		121BC18321509A3C00BD885B /* Debug */ = {
			isa = XCBuildConfiguration;
			buildSettings = {
				ASSETCATALOG_COMPILER_APPICON_NAME = AppIcon;
				ASSETCATALOG_COMPILER_GLOBAL_ACCENT_COLOR_NAME = AccentColor;
				CODE_SIGN_ENTITLEMENTS = "EZProxy Universal/EZProxy Universal.entitlements";
				CODE_SIGN_STYLE = Automatic;
				CURRENT_PROJECT_VERSION = 1;
				DEVELOPMENT_TEAM = HK6R36PLNR;
				GENERATE_INFOPLIST_FILE = YES;
				INFOPLIST_FILE = "EZProxy Universal/Info.plist";
				INFOPLIST_KEY_CFBundleDisplayName = EZProxy;
				INFOPLIST_KEY_LSApplicationCategoryType = "public.app-category.utilities";
				INFOPLIST_KEY_UIApplicationSceneManifest_Generation = YES;
				INFOPLIST_KEY_UIApplicationSupportsIndirectInputEvents = YES;
				INFOPLIST_KEY_UILaunchScreen_Generation = YES;
				INFOPLIST_KEY_UISupportedInterfaceOrientations = "UIInterfaceOrientationLandscapeLeft UIInterfaceOrientationLandscapeRight UIInterfaceOrientationPortrait";
				INFOPLIST_KEY_UISupportedInterfaceOrientations_iPad = "UIInterfaceOrientationLandscapeLeft UIInterfaceOrientationLandscapeRight UIInterfaceOrientationPortrait UIInterfaceOrientationPortraitUpsideDown";
				IPHONEOS_DEPLOYMENT_TARGET = 15.0;
				LD_RUNPATH_SEARCH_PATHS = (
					"$(inherited)",
					"@executable_path/Frameworks",
				);
				MARKETING_VERSION = 3.0.0;
				PRODUCT_BUNDLE_IDENTIFIER = "com.cornelius-bell.EZProxy";
				PRODUCT_NAME = EZProxy;
				SDKROOT = iphoneos;
				SUPPORTED_PLATFORMS = "iphoneos iphonesimulator";
				SUPPORTS_MACCATALYST = NO;
				SUPPORTS_MAC_DESIGNED_FOR_IPHONE_IPAD = NO;
				SWIFT_EMIT_LOC_STRINGS = YES;
				SWIFT_VERSION = 5.0;
				TARGETED_DEVICE_FAMILY = "1,2";
			};
			name = Debug;
		};
		121BC18421509A3C00BD885B /* Release */ = {
			isa = XCBuildConfiguration;
			buildSettings = {
				ASSETCATALOG_COMPILER_APPICON_NAME = AppIcon;
				ASSETCATALOG_COMPILER_GLOBAL_ACCENT_COLOR_NAME = AccentColor;
				CODE_SIGN_ENTITLEMENTS = "EZProxy Universal/EZProxy Universal.entitlements";
				CODE_SIGN_STYLE = Automatic;
				CURRENT_PROJECT_VERSION = 1;
				DEVELOPMENT_TEAM = HK6R36PLNR;
				GENERATE_INFOPLIST_FILE = YES;
				INFOPLIST_FILE = "EZProxy Universal/Info.plist";
				INFOPLIST_KEY_CFBundleDisplayName = EZProxy;
				INFOPLIST_KEY_LSApplicationCategoryType = "public.app-category.utilities";
				INFOPLIST_KEY_UIApplicationSceneManifest_Generation = YES;
				INFOPLIST_KEY_UIApplicationSupportsIndirectInputEvents = YES;
				INFOPLIST_KEY_UILaunchScreen_Generation = YES;
				INFOPLIST_KEY_UISupportedInterfaceOrientations = "UIInterfaceOrientationLandscapeLeft UIInterfaceOrientationLandscapeRight UIInterfaceOrientationPortrait";
				INFOPLIST_KEY_UISupportedInterfaceOrientations_iPad = "UIInterfaceOrientationLandscapeLeft UIInterfaceOrientationLandscapeRight UIInterfaceOrientationPortrait UIInterfaceOrientationPortraitUpsideDown";
				IPHONEOS_DEPLOYMENT_TARGET = 15.0;
				LD_RUNPATH_SEARCH_PATHS = (
					"$(inherited)",
					"@executable_path/Frameworks",
				);
				MARKETING_VERSION = 3.0.0;
				PRODUCT_BUNDLE_IDENTIFIER = "com.cornelius-bell.EZProxy";
				PRODUCT_NAME = EZProxy;
				SDKROOT = iphoneos;
				SUPPORTED_PLATFORMS = "iphoneos iphonesimulator";
				SUPPORTS_MACCATALYST = NO;
				SUPPORTS_MAC_DESIGNED_FOR_IPHONE_IPAD = NO;
				SWIFT_EMIT_LOC_STRINGS = YES;
				SWIFT_VERSION = 5.0;
				TARGETED_DEVICE_FAMILY = "1,2";
				VALIDATE_PRODUCT = YES;
			};
			name = Release;
		};
		BB00001D21509A5D00BD885B /* Debug */ = {
			isa = XCBuildConfiguration;
			buildSettings = {
				CODE_SIGN_ENTITLEMENTS = "EZProxy Web Extension/EZProxy Web Extension.entitlements";
				CODE_SIGN_STYLE = Automatic;
				CURRENT_PROJECT_VERSION = 1;
				DEVELOPMENT_TEAM = HK6R36PLNR;
				ENABLE_HARDENED_RUNTIME = YES;
				GENERATE_INFOPLIST_FILE = YES;
				INFOPLIST_FILE = "EZProxy Web Extension/Info.plist";
				INFOPLIST_KEY_CFBundleDisplayName = "EZProxy Web Extension";
				INFOPLIST_KEY_NSHumanReadableCopyright = "Copyright © Aidan Cornelius-Bell. Some rights reserved.";
				LD_RUNPATH_SEARCH_PATHS = (
					"$(inherited)",
					"@executable_path/../Frameworks",
					"@executable_path/../../../../Frameworks",
				);
				MACOSX_DEPLOYMENT_TARGET = 11.0;
				MARKETING_VERSION = 3.0.0;
				OTHER_LDFLAGS = (
					"-framework",
					SafariServices,
				);
				PRODUCT_BUNDLE_IDENTIFIER = "com.cornelius-bell.EZProxy.WebExtension";
				PRODUCT_NAME = "EZProxy Web Extension";
				SDKROOT = macosx;
				SKIP_INSTALL = YES;
				SUPPORTED_PLATFORMS = macosx;
				SWIFT_EMIT_LOC_STRINGS = YES;
				SWIFT_VERSION = 5.0;
			};
			name = Debug;
		};
		BB00001E21509A5D00BD885B /* Release */ = {
			isa = XCBuildConfiguration;
			buildSettings = {
				CODE_SIGN_ENTITLEMENTS = "EZProxy Web Extension/EZProxy Web Extension.entitlements";
				CODE_SIGN_STYLE = Automatic;
				CURRENT_PROJECT_VERSION = 1;
				DEVELOPMENT_TEAM = HK6R36PLNR;
				ENABLE_HARDENED_RUNTIME = YES;
				GENERATE_INFOPLIST_FILE = YES;
				INFOPLIST_FILE = "EZProxy Web Extension/Info.plist";
				INFOPLIST_KEY_CFBundleDisplayName = "EZProxy Web Extension";
				INFOPLIST_KEY_NSHumanReadableCopyright = "Copyright © Aidan Cornelius-Bell. Some rights reserved.";
				LD_RUNPATH_SEARCH_PATHS = (
					"$(inherited)",
					"@executable_path/../Frameworks",
					"@executable_path/../../../../Frameworks",
				);
				MACOSX_DEPLOYMENT_TARGET = 11.0;
				MARKETING_VERSION = 3.0.0;
				OTHER_LDFLAGS = (
					"-framework",
					SafariServices,
				);
				PRODUCT_BUNDLE_IDENTIFIER = "com.cornelius-bell.EZProxy.WebExtension";
				PRODUCT_NAME = "EZProxy Web Extension";
				SDKROOT = macosx;
				SKIP_INSTALL = YES;
				SUPPORTED_PLATFORMS = macosx;
				SWIFT_EMIT_LOC_STRINGS = YES;
				SWIFT_VERSION = 5.0;
			};
			name = Release;
		};
		BB00001F21509A5D00BD885B /* Debug */ = {
			isa = XCBuildConfiguration;
			buildSettings = {
				CODE_SIGN_ENTITLEMENTS = "EZProxy Web Extension/EZProxy Web Extension.entitlements";
				CODE_SIGN_STYLE = Automatic;
				CURRENT_PROJECT_VERSION = 1;
				DEVELOPMENT_TEAM = HK6R36PLNR;
				GENERATE_INFOPLIST_FILE = YES;
				INFOPLIST_FILE = "EZProxy Web Extension/Info.plist";
				INFOPLIST_KEY_CFBundleDisplayName = "EZProxy Web Extension";
				INFOPLIST_KEY_NSHumanReadableCopyright = "Copyright © Aidan Cornelius-Bell. Some rights reserved.";
				IPHONEOS_DEPLOYMENT_TARGET = 15.0;
				LD_RUNPATH_SEARCH_PATHS = (
					"$(inherited)",
					"@executable_path/Frameworks",
					"@executable_path/../../Frameworks",
				);
				MARKETING_VERSION = 3.0.0;
				OTHER_LDFLAGS = (
					"-framework",
					SafariServices,
				);
				PRODUCT_BUNDLE_IDENTIFIER = "com.cornelius-bell.EZProxy.WebExtension";
				PRODUCT_NAME = "EZProxy Web Extension";
				SDKROOT = iphoneos;
				SKIP_INSTALL = YES;
				SUPPORTED_PLATFORMS = "iphoneos iphonesimulator";
				SUPPORTS_MACCATALYST = NO;
				SUPPORTS_MAC_DESIGNED_FOR_IPHONE_IPAD = NO;
				SWIFT_EMIT_LOC_STRINGS = YES;
				SWIFT_VERSION = 5.0;
				TARGETED_DEVICE_FAMILY = "1,2";
			};
			name = Debug;
		};
		BB00002021509A5D00BD885B /* Release */ = {
			isa = XCBuildConfiguration;
			buildSettings = {
				CODE_SIGN_ENTITLEMENTS = "EZProxy Web Extension/EZProxy Web Extension.entitlements";
				CODE_SIGN_STYLE = Automatic;
				CURRENT_PROJECT_VERSION = 1;
				DEVELOPMENT_TEAM = HK6R36PLNR;
				GENERATE_INFOPLIST_FILE = YES;
				INFOPLIST_FILE = "EZProxy Web Extension/Info.plist";
				INFOPLIST_KEY_CFBundleDisplayName = "EZProxy Web Extension";
				INFOPLIST_KEY_NSHumanReadableCopyright = "Copyright © Aidan Cornelius-Bell. Some rights reserved.";
				IPHONEOS_DEPLOYMENT_TARGET = 15.0;
				LD_RUNPATH_SEARCH_PATHS = (
					"$(inherited)",
					"@executable_path/Frameworks",
					"@executable_path/../../Frameworks",
				);
				MARKETING_VERSION = 3.0.0;
				OTHER_LDFLAGS = (
					"-framework",
					SafariServices,
				);
				PRODUCT_BUNDLE_IDENTIFIER = "com.cornelius-bell.EZProxy.WebExtension";
				PRODUCT_NAME = "EZProxy Web Extension";
				SDKROOT = iphoneos;
				SKIP_INSTALL = YES;
				SUPPORTED_PLATFORMS = "iphoneos iphonesimulator";
				SUPPORTS_MACCATALYST = NO;
				SUPPORTS_MAC_DESIGNED_FOR_IPHONE_IPAD = NO;
				SWIFT_EMIT_LOC_STRINGS = YES;
				SWIFT_VERSION = 5.0;
				TARGETED_DEVICE_FAMILY = "1,2";
				VALIDATE_PRODUCT = YES;
			};
			name = Release;
		};
/* End XCBuildConfiguration section */

/* Begin XCConfigurationList section */
		121BC16E21509A3800BD885B /* Build configuration list for PBXProject "EZProxy" */ = {
			isa = XCConfigurationList;
			buildConfigurations = (
				121BC17E21509A3C00BD885B /* Debug */,
				121BC17F21509A3C00BD885B /* Release */,
			);
			defaultConfigurationIsVisible = 0;
			defaultConfigurationName = Release;
		};
		121BC18321509A3C00BD885B /* Build configuration list for PBXNativeTarget "EZProxy (macOS)" */ = {
			isa = XCConfigurationList;
			buildConfigurations = (
				121BC18121509A3C00BD885B /* Debug */,
				121BC18221509A3C00BD885B /* Release */,
			);
			defaultConfigurationIsVisible = 0;
			defaultConfigurationName = Release;
		};
		121BC18521509A3C00BD885B /* Build configuration list for PBXNativeTarget "EZProxy (iOS)" */ = {
			isa = XCConfigurationList;
			buildConfigurations = (
				121BC18321509A3C00BD885B /* Debug */,
				121BC18421509A3C00BD885B /* Release */,
			);
			defaultConfigurationIsVisible = 0;
			defaultConfigurationName = Release;
		};
		BB00001A21509A5D00BD885B /* Build configuration list for PBXNativeTarget "EZProxy Web Extension (macOS)" */ = {
			isa = XCConfigurationList;
			buildConfigurations = (
				BB00001D21509A5D00BD885B /* Debug */,
				BB00001E21509A5D00BD885B /* Release */,
			);
			defaultConfigurationIsVisible = 0;
			defaultConfigurationName = Release;
		};
		BB00001C21509A5D00BD885B /* Build configuration list for PBXNativeTarget "EZProxy Web Extension (iOS)" */ = {
			isa = XCConfigurationList;
			buildConfigurations = (
				BB00001F21509A5D00BD885B /* Debug */,
				BB00002021509A5D00BD885B /* Release */,
			);
			defaultConfigurationIsVisible = 0;
			defaultConfigurationName = Release;
		};
/* End XCConfigurationList section */
	};
	rootObject = 121BC16B21509A3800BD885B /* Project object */;
}