// !$*UTF8*$!
{
	archiveVersion = 1;
	classes = {
	};
	objectVersion = 77;
	objects = {

/* Begin PBXBuildFile section */
		443FAD5E2E61685E00C49988 /* content.js in Resources */ = {isa = PBXBuildFile; fileRef = 443FAD572E61685E00C49988 /* content.js */; };
		443FAD5F2E61685E00C49988 /* messages.json in Resources */ = {isa = PBXBuildFile; fileRef = 443FAD522E61685E00C49988 /* messages.json */; };
		443FAD602E61685E00C49988 /* Assets.xcassets in Resources */ = {isa = PBXBuildFile; fileRef = 443FAD4B2E61685E00C49988 /* Assets.xcassets */; };
		443FAD612E61685E00C49988 /* Info.plist in Resources */ = {isa = PBXBuildFile; fileRef = 443FAD4E2E61685E00C49988 /* Info.plist */; };
		443FAD622E61685E00C49988 /* Info.plist in Resources */ = {isa = PBXBuildFile; fileRef = 443FAD5B2E61685E00C49988 /* Info.plist */; };
		443FAD632E61685E00C49988 /* background.js in Resources */ = {isa = PBXBuildFile; fileRef = 443FAD562E61685E00C49988 /* background.js */; };
		443FAD642E61685E00C49988 /* manifest.json in Resources */ = {isa = PBXBuildFile; fileRef = 443FAD582E61685E00C49988 /* manifest.json */; };
		443FAD652E61685E00C49988 /* SafariWebExtensionHandler.swift in Sources */ = {isa = PBXBuildFile; fileRef = 443FAD5C2E61685E00C49988 /* SafariWebExtensionHandler.swift */; };
		443FAD662E61685E00C49988 /* SettingsView.swift in Sources */ = {isa = PBXBuildFile; fileRef = 443FAD4F2E61685E00C49988 /* SettingsView.swift */; };
		443FAD672E61685E00C49988 /* SettingsViewModel.swift in Sources */ = {isa = PBXBuildFile; fileRef = 443FAD502E61685E00C49988 /* SettingsViewModel.swift */; };
		443FAD682E61685E00C49988 /* EZProxyApp.swift in Sources */ = {isa = PBXBuildFile; fileRef = 443FAD4D2E61685E00C49988 /* EZProxyApp.swift */; };
/* End PBXBuildFile section */

/* Begin PBXFileReference section */
		443FAD1D2E61682E00C49988 /* EZProxy.app */ = {isa = PBXFileReference; explicitFileType = wrapper.application; includeInIndex = 0; path = EZProxy.app; sourceTree = BUILT_PRODUCTS_DIR; };
		443FAD4B2E61685E00C49988 /* Assets.xcassets */ = {isa = PBXFileReference; lastKnownFileType = folder.assetcatalog; path = Assets.xcassets; sourceTree = "<group>"; };
		443FAD4C2E61685E00C49988 /* EZProxy Universal.entitlements */ = {isa = PBXFileReference; lastKnownFileType = text.plist.entitlements; path = "EZProxy Universal.entitlements"; sourceTree = "<group>"; };
		443FAD4D2E61685E00C49988 /* EZProxyApp.swift */ = {isa = PBXFileReference; lastKnownFileType = sourcecode.swift; path = EZProxyApp.swift; sourceTree = "<group>"; };
		443FAD4E2E61685E00C49988 /* Info.plist */ = {isa = PBXFileReference; lastKnownFileType = text.plist.xml; path = Info.plist; sourceTree = "<group>"; };
		443FAD4F2E61685E00C49988 /* SettingsView.swift */ = {isa = PBXFileReference; lastKnownFileType = sourcecode.swift; path = SettingsView.swift; sourceTree = "<group>"; };
		443FAD502E61685E00C49988 /* SettingsViewModel.swift */ = {isa = PBXFileReference; lastKnownFileType = sourcecode.swift; path = SettingsViewModel.swift; sourceTree = "<group>"; };
		443FAD522E61685E00C49988 /* messages.json */ = {isa = PBXFileReference; lastKnownFileType = text.json; path = messages.json; sourceTree = "<group>"; };
		443FAD562E61685E00C49988 /* background.js */ = {isa = PBXFileReference; lastKnownFileType = sourcecode.javascript; path = background.js; sourceTree = "<group>"; };
		443FAD572E61685E00C49988 /* content.js */ = {isa = PBXFileReference; lastKnownFileType = sourcecode.javascript; path = content.js; sourceTree = "<group>"; };
		443FAD582E61685E00C49988 /* manifest.json */ = {isa = PBXFileReference; lastKnownFileType = text.json; path = manifest.json; sourceTree = "<group>"; };
		443FAD5A2E61685E00C49988 /* EZProxy Web Extension.entitlements */ = {isa = PBXFileReference; lastKnownFileType = text.plist.entitlements; path = "EZProxy Web Extension.entitlements"; sourceTree = "<group>"; };
		443FAD5B2E61685E00C49988 /* Info.plist */ = {isa = PBXFileReference; lastKnownFileType = text.plist.xml; path = Info.plist; sourceTree = "<group>"; };
		443FAD5C2E61685E00C49988 /* SafariWebExtensionHandler.swift */ = {isa = PBXFileReference; lastKnownFileType = sourcecode.swift; path = SafariWebExtensionHandler.swift; sourceTree = "<group>"; };
/* End PBXFileReference section */

/* Begin PBXFrameworksBuildPhase section */
		443FAD1A2E61682E00C49988 /* Frameworks */ = {
			isa = PBXFrameworksBuildPhase;
			buildActionMask = 2147483647;
			files = (
			);
			runOnlyForDeploymentPostprocessing = 0;
		};
/* End PBXFrameworksBuildPhase section */

/* Begin PBXGroup section */
		443FAD142E61682E00C49988 = {
			isa = PBXGroup;
			children = (
				443FAD512E61685E00C49988 /* EZProxy Universal */,
				443FAD5D2E61685E00C49988 /* EZProxy Web Extension */,
			);
			sourceTree = "<group>";
		};
		443FAD1E2E61682E00C49988 /* Products */ = {
			isa = PBXGroup;
			children = (
				443FAD1D2E61682E00C49988 /* EZProxy.app */,
			);
			name = Products;
			sourceTree = "<group>";
		};
		443FAD512E61685E00C49988 /* EZProxy Universal */ = {
			isa = PBXGroup;
			children = (
				443FAD4B2E61685E00C49988 /* Assets.xcassets */,
				443FAD4C2E61685E00C49988 /* EZProxy Universal.entitlements */,
				443FAD4D2E61685E00C49988 /* EZProxyApp.swift */,
				443FAD4E2E61685E00C49988 /* Info.plist */,
				443FAD4F2E61685E00C49988 /* SettingsView.swift */,
				443FAD502E61685E00C49988 /* SettingsViewModel.swift */,
			);
			path = "EZProxy Universal";
			sourceTree = "<group>";
		};
		443FAD532E61685E00C49988 /* en */ = {
			isa = PBXGroup;
			children = (
				443FAD522E61685E00C49988 /* messages.json */,
			);
			path = en;
			sourceTree = "<group>";
		};
		443FAD542E61685E00C49988 /* _locales */ = {
			isa = PBXGroup;
			children = (
				443FAD532E61685E00C49988 /* en */,
			);
			path = _locales;
			sourceTree = "<group>";
		};
		443FAD552E61685E00C49988 /* images */ = {
			isa = PBXGroup;
			children = (
			);
			path = images;
			sourceTree = "<group>";
		};
		443FAD592E61685E00C49988 /* Resources */ = {
			isa = PBXGroup;
			children = (
				443FAD542E61685E00C49988 /* _locales */,
				443FAD552E61685E00C49988 /* images */,
				443FAD562E61685E00C49988 /* background.js */,
				443FAD572E61685E00C49988 /* content.js */,
				443FAD582E61685E00C49988 /* manifest.json */,
			);
			path = Resources;
			sourceTree = "<group>";
		};
		443FAD5D2E61685E00C49988 /* EZProxy Web Extension */ = {
			isa = PBXGroup;
			children = (
				443FAD1E2E61682E00C49988 /* Products */,
				443FAD592E61685E00C49988 /* Resources */,
				443FAD5A2E61685E00C49988 /* EZProxy Web Extension.entitlements */,
				443FAD5B2E61685E00C49988 /* Info.plist */,
				443FAD5C2E61685E00C49988 /* SafariWebExtensionHandler.swift */,
			);
			path = "EZProxy Web Extension";
			sourceTree = "<group>";
		};
/* End PBXGroup section */

/* Begin PBXNativeTarget section */
		443FAD1C2E61682E00C49988 /* EZProxy */ = {
			isa = PBXNativeTarget;
			buildConfigurationList = 443FAD3F2E61682F00C49988 /* Build configuration list for PBXNativeTarget "EZProxy" */;
			buildPhases = (
				443FAD192E61682E00C49988 /* Sources */,
				443FAD1A2E61682E00C49988 /* Frameworks */,
				443FAD1B2E61682E00C49988 /* Resources */,
			);
			buildRules = (
			);
			dependencies = (
			);
			name = EZProxy;
			packageProductDependencies = (
			);
			productName = EZProxy;
			productReference = 443FAD1D2E61682E00C49988 /* EZProxy.app */;
			productType = "com.apple.product-type.application";
		};
/* End PBXNativeTarget section */

/* Begin PBXProject section */
		443FAD152E61682E00C49988 /* Project object */ = {
			isa = PBXProject;
			attributes = {
				BuildIndependentTargetsInParallel = 1;
				LastSwiftUpdateCheck = 1640;
				LastUpgradeCheck = 1640;
				TargetAttributes = {
					443FAD1C2E61682E00C49988 = {
						CreatedOnToolsVersion = 16.4;
					};
				};
			};
			buildConfigurationList = 443FAD182E61682E00C49988 /* Build configuration list for PBXProject "EZProxy" */;
			developmentRegion = en;
			hasScannedForEncodings = 0;
			knownRegions = (
				en,
				Base,
			);
			mainGroup = 443FAD142E61682E00C49988;
			minimizedProjectReferenceProxies = 1;
			preferredProjectObjectVersion = 77;
			productRefGroup = 443FAD1E2E61682E00C49988 /* Products */;
			projectDirPath = "";
			projectRoot = "";
			targets = (
				443FAD1C2E61682E00C49988 /* EZProxy */,
			);
		};
/* End PBXProject section */

/* Begin PBXResourcesBuildPhase section */
		443FAD1B2E61682E00C49988 /* Resources */ = {
			isa = PBXResourcesBuildPhase;
			buildActionMask = 2147483647;
			files = (
				443FAD5E2E61685E00C49988 /* content.js in Resources */,
				443FAD5F2E61685E00C49988 /* messages.json in Resources */,
				443FAD602E61685E00C49988 /* Assets.xcassets in Resources */,
				443FAD612E61685E00C49988 /* Info.plist in Resources */,
				443FAD622E61685E00C49988 /* Info.plist in Resources */,
				443FAD632E61685E00C49988 /* background.js in Resources */,
				443FAD642E61685E00C49988 /* manifest.json in Resources */,
			);
			runOnlyForDeploymentPostprocessing = 0;
		};
/* End PBXResourcesBuildPhase section */

/* Begin PBXSourcesBuildPhase section */
		443FAD192E61682E00C49988 /* Sources */ = {
			isa = PBXSourcesBuildPhase;
			buildActionMask = 2147483647;
			files = (
				443FAD652E61685E00C49988 /* SafariWebExtensionHandler.swift in Sources */,
				443FAD662E61685E00C49988 /* SettingsView.swift in Sources */,
				443FAD672E61685E00C49988 /* SettingsViewModel.swift in Sources */,
				443FAD682E61685E00C49988 /* EZProxyApp.swift in Sources */,
			);
			runOnlyForDeploymentPostprocessing = 0;
		};
/* End PBXSourcesBuildPhase section */

/* Begin XCBuildConfiguration section */
		443FAD3D2E61682F00C49988 /* Debug */ = {
			isa = XCBuildConfiguration;
			buildSettings = {
				ALWAYS_SEARCH_USER_PATHS = NO;
				ASSETCATALOG_COMPILER_GENERATE_SWIFT_ASSET_SYMBOL_EXTENSIONS = YES;
				CLANG_ANALYZER_NONNULL = YES;
				CLANG_ANALYZER_NUMBER_OBJECT_CONVERSION = YES_AGGRESSIVE;
				CLANG_CXX_LANGUAGE_STANDARD = "gnu++20";
				CLANG_ENABLE_MODULES = YES;
				CLANG_ENABLE_OBJC_ARC = YES;
				CLANG_ENABLE_OBJC_WEAK = YES;
				CLANG_WARN_BLOCK_CAPTURE_AUTORELEASING = YES;
				CLANG_WARN_BOOL_CONVERSION = YES;
				CLANG_WARN_COMMA = YES;
				CLANG_WARN_CONSTANT_CONVERSION = YES;
				CLANG_WARN_DEPRECATED_OBJC_IMPLEMENTATIONS = YES;
				CLANG_WARN_DIRECT_OBJC_ISA_USAGE = YES_ERROR;
				CLANG_WARN_DOCUMENTATION_COMMENTS = YES;
				CLANG_WARN_EMPTY_BODY = YES;
				CLANG_WARN_ENUM_CONVERSION = YES;
				CLANG_WARN_INFINITE_RECURSION = YES;
				CLANG_WARN_INT_CONVERSION = YES;
				CLANG_WARN_NON_LITERAL_NULL_CONVERSION = YES;
				CLANG_WARN_OBJC_IMPLICIT_RETAIN_SELF = YES;
				CLANG_WARN_OBJC_LITERAL_CONVERSION = YES;
				CLANG_WARN_OBJC_ROOT_CLASS = YES_ERROR;
				CLANG_WARN_QUOTED_INCLUDE_IN_FRAMEWORK_HEADER = YES;
				CLANG_WARN_RANGE_LOOP_ANALYSIS = YES;
				CLANG_WARN_STRICT_PROTOTYPES = YES;
				CLANG_WARN_SUSPICIOUS_MOVE = YES;
				CLANG_WARN_UNGUARDED_AVAILABILITY = YES_AGGRESSIVE;
				CLANG_WARN_UNREACHABLE_CODE = YES;
				CLANG_WARN__DUPLICATE_METHOD_MATCH = YES;
				COPY_PHASE_STRIP = NO;
				DEBUG_INFORMATION_FORMAT = dwarf;
				DEVELOPMENT_TEAM = HK6R36PLNR;
				ENABLE_STRICT_OBJC_MSGSEND = YES;
				ENABLE_TESTABILITY = YES;
				ENABLE_USER_SCRIPT_SANDBOXING = YES;
				GCC_C_LANGUAGE_STANDARD = gnu17;
				GCC_DYNAMIC_NO_PIC = NO;
				GCC_NO_COMMON_BLOCKS = YES;
				GCC_OPTIMIZATION_LEVEL = 0;
				GCC_PREPROCESSOR_DEFINITIONS = (
					"DEBUG=1",
					"$(inherited)",
				);
				GCC_WARN_64_TO_32_BIT_CONVERSION = YES;
				GCC_WARN_ABOUT_RETURN_TYPE = YES_ERROR;
				GCC_WARN_UNDECLARED_SELECTOR = YES;
				GCC_WARN_UNINITIALIZED_AUTOS = YES_AGGRESSIVE;
				GCC_WARN_UNUSED_FUNCTION = YES;
				GCC_WARN_UNUSED_VARIABLE = YES;
				LOCALIZATION_PREFERS_STRING_CATALOGS = YES;
				MTL_ENABLE_DEBUG_INFO = INCLUDE_SOURCE;
				MTL_FAST_MATH = YES;
				ONLY_ACTIVE_ARCH = YES;
				SWIFT_ACTIVE_COMPILATION_CONDITIONS = "DEBUG $(inherited)";
				SWIFT_OPTIMIZATION_LEVEL = "-Onone";
			};
			name = Debug;
		};
		443FAD3E2E61682F00C49988 /* Release */ = {
			isa = XCBuildConfiguration;
			buildSettings = {
				ALWAYS_SEARCH_USER_PATHS = NO;
				ASSETCATALOG_COMPILER_GENERATE_SWIFT_ASSET_SYMBOL_EXTENSIONS = YES;
				CLANG_ANALYZER_NONNULL = YES;
				CLANG_ANALYZER_NUMBER_OBJECT_CONVERSION = YES_AGGRESSIVE;
				CLANG_CXX_LANGUAGE_STANDARD = "gnu++20";
				CLANG_ENABLE_MODULES = YES;
				CLANG_ENABLE_OBJC_ARC = YES;
				CLANG_ENABLE_OBJC_WEAK = YES;
				CLANG_WARN_BLOCK_CAPTURE_AUTORELEASING = YES;
				CLANG_WARN_BOOL_CONVERSION = YES;
				CLANG_WARN_COMMA = YES;
				CLANG_WARN_CONSTANT_CONVERSION = YES;
				CLANG_WARN_DEPRECATED_OBJC_IMPLEMENTATIONS = YES;
				CLANG_WARN_DIRECT_OBJC_ISA_USAGE = YES_ERROR;
				CLANG_WARN_DOCUMENTATION_COMMENTS = YES;
				CLANG_WARN_EMPTY_BODY = YES;
				CLANG_WARN_ENUM_CONVERSION = YES;
				CLANG_WARN_INFINITE_RECURSION = YES;
				CLANG_WARN_INT_CONVERSION = YES;
				CLANG_WARN_NON_LITERAL_NULL_CONVERSION = YES;
				CLANG_WARN_OBJC_IMPLICIT_RETAIN_SELF = YES;
				CLANG_WARN_OBJC_LITERAL_CONVERSION = YES;
				CLANG_WARN_OBJC_ROOT_CLASS = YES_ERROR;
				CLANG_WARN_QUOTED_INCLUDE_IN_FRAMEWORK_HEADER = YES;
				CLANG_WARN_RANGE_LOOP_ANALYSIS = YES;
				CLANG_WARN_STRICT_PROTOTYPES = YES;
				CLANG_WARN_SUSPICIOUS_MOVE = YES;
				CLANG_WARN_UNGUARDED_AVAILABILITY = YES_AGGRESSIVE;
				CLANG_WARN_UNREACHABLE_CODE = YES;
				CLANG_WARN__DUPLICATE_METHOD_MATCH = YES;
				COPY_PHASE_STRIP = NO;
				DEBUG_INFORMATION_FORMAT = "dwarf-with-dsym";
				DEVELOPMENT_TEAM = HK6R36PLNR;
				ENABLE_NS_ASSERTIONS = NO;
				ENABLE_STRICT_OBJC_MSGSEND = YES;
				ENABLE_USER_SCRIPT_SANDBOXING = YES;
				GCC_C_LANGUAGE_STANDARD = gnu17;
				GCC_NO_COMMON_BLOCKS = YES;
				GCC_WARN_64_TO_32_BIT_CONVERSION = YES;
				GCC_WARN_ABOUT_RETURN_TYPE = YES_ERROR;
				GCC_WARN_UNDECLARED_SELECTOR = YES;
				GCC_WARN_UNINITIALIZED_AUTOS = YES_AGGRESSIVE;
				GCC_WARN_UNUSED_FUNCTION = YES;
				GCC_WARN_UNUSED_VARIABLE = YES;
				LOCALIZATION_PREFERS_STRING_CATALOGS = YES;
				MTL_ENABLE_DEBUG_INFO = NO;
				MTL_FAST_MATH = YES;
				SWIFT_COMPILATION_MODE = wholemodule;
			};
			name = Release;
		};
		443FAD402E61682F00C49988 /* Debug */ = {
			isa = XCBuildConfiguration;
			buildSettings = {
				ASSETCATALOG_COMPILER_APPICON_NAME = AppIcon;
				ASSETCATALOG_COMPILER_GLOBAL_ACCENT_COLOR_NAME = AccentColor;
				CODE_SIGN_ENTITLEMENTS = "EZProxy Universal/EZProxy Universal.entitlements";
				CODE_SIGN_STYLE = Automatic;
				CURRENT_PROJECT_VERSION = 1;
				DEVELOPMENT_TEAM = HK6R36PLNR;
				ENABLE_HARDENED_RUNTIME = YES;
				ENABLE_PREVIEWS = YES;
				GENERATE_INFOPLIST_FILE = YES;
				"INFOPLIST_KEY_UIApplicationSceneManifest_Generation[sdk=iphoneos*]" = YES;
				"INFOPLIST_KEY_UIApplicationSceneManifest_Generation[sdk=iphonesimulator*]" = YES;
				"INFOPLIST_KEY_UIApplicationSupportsIndirectInputEvents[sdk=iphoneos*]" = YES;
				"INFOPLIST_KEY_UIApplicationSupportsIndirectInputEvents[sdk=iphonesimulator*]" = YES;
				"INFOPLIST_KEY_UILaunchScreen_Generation[sdk=iphoneos*]" = YES;
				"INFOPLIST_KEY_UILaunchScreen_Generation[sdk=iphonesimulator*]" = YES;
				"INFOPLIST_KEY_UIStatusBarStyle[sdk=iphoneos*]" = UIStatusBarStyleDefault;
				"INFOPLIST_KEY_UIStatusBarStyle[sdk=iphonesimulator*]" = UIStatusBarStyleDefault;
				INFOPLIST_KEY_UISupportedInterfaceOrientations_iPad = "UIInterfaceOrientationPortrait UIInterfaceOrientationPortraitUpsideDown UIInterfaceOrientationLandscapeLeft UIInterfaceOrientationLandscapeRight";
				INFOPLIST_KEY_UISupportedInterfaceOrientations_iPhone = "UIInterfaceOrientationPortrait UIInterfaceOrientationLandscapeLeft UIInterfaceOrientationLandscapeRight";
				IPHONEOS_DEPLOYMENT_TARGET = 15.0;
				LD_RUNPATH_SEARCH_PATHS = "@executable_path/Frameworks";
				"LD_RUNPATH_SEARCH_PATHS[sdk=macosx*]" = "@executable_path/../Frameworks";
				MACOSX_DEPLOYMENT_TARGET = 12.0;
				MARKETING_VERSION = 3.0.0;
				PRODUCT_BUNDLE_IDENTIFIER = "com.cornelius-bell.EZProxy";
				PRODUCT_NAME = "$(TARGET_NAME)";
				REGISTER_APP_GROUPS = YES;
				SDKROOT = auto;
				SUPPORTED_PLATFORMS = "iphoneos iphonesimulator macosx xros xrsimulator";
				SWIFT_EMIT_LOC_STRINGS = YES;
				SWIFT_VERSION = 5.0;
				TARGETED_DEVICE_FAMILY = "1,2,7";
				XROS_DEPLOYMENT_TARGET = 1.0;
			};
			name = Debug;
		};
		443FAD412E61682F00C49988 /* Release */ = {
			isa = XCBuildConfiguration;
			buildSettings = {
				ASSETCATALOG_COMPILER_APPICON_NAME = AppIcon;
				ASSETCATALOG_COMPILER_GLOBAL_ACCENT_COLOR_NAME = AccentColor;
				CODE_SIGN_ENTITLEMENTS = "EZProxy Universal/EZProxy Universal.entitlements";
				CODE_SIGN_STYLE = Automatic;
				CURRENT_PROJECT_VERSION = 1;
				DEVELOPMENT_TEAM = HK6R36PLNR;
				ENABLE_HARDENED_RUNTIME = YES;
				ENABLE_PREVIEWS = YES;
				GENERATE_INFOPLIST_FILE = YES;
				"INFOPLIST_KEY_UIApplicationSceneManifest_Generation[sdk=iphoneos*]" = YES;
				"INFOPLIST_KEY_UIApplicationSceneManifest_Generation[sdk=iphonesimulator*]" = YES;
				"INFOPLIST_KEY_UIApplicationSupportsIndirectInputEvents[sdk=iphoneos*]" = YES;
				"INFOPLIST_KEY_UIApplicationSupportsIndirectInputEvents[sdk=iphonesimulator*]" = YES;
				"INFOPLIST_KEY_UILaunchScreen_Generation[sdk=iphoneos*]" = YES;
				"INFOPLIST_KEY_UILaunchScreen_Generation[sdk=iphonesimulator*]" = YES;
				"INFOPLIST_KEY_UIStatusBarStyle[sdk=iphoneos*]" = UIStatusBarStyleDefault;
				"INFOPLIST_KEY_UIStatusBarStyle[sdk=iphonesimulator*]" = UIStatusBarStyleDefault;
				INFOPLIST_KEY_UISupportedInterfaceOrientations_iPad = "UIInterfaceOrientationPortrait UIInterfaceOrientationPortraitUpsideDown UIInterfaceOrientationLandscapeLeft UIInterfaceOrientationLandscapeRight";
				INFOPLIST_KEY_UISupportedInterfaceOrientations_iPhone = "UIInterfaceOrientationPortrait UIInterfaceOrientationLandscapeLeft UIInterfaceOrientationLandscapeRight";
				IPHONEOS_DEPLOYMENT_TARGET = 15.0;
				LD_RUNPATH_SEARCH_PATHS = "@executable_path/Frameworks";
				"LD_RUNPATH_SEARCH_PATHS[sdk=macosx*]" = "@executable_path/../Frameworks";
				MACOSX_DEPLOYMENT_TARGET = 12.0;
				MARKETING_VERSION = 3.0.0;
				PRODUCT_BUNDLE_IDENTIFIER = "com.cornelius-bell.EZProxy";
				PRODUCT_NAME = "$(TARGET_NAME)";
				REGISTER_APP_GROUPS = YES;
				SDKROOT = auto;
				SUPPORTED_PLATFORMS = "iphoneos iphonesimulator macosx xros xrsimulator";
				SWIFT_EMIT_LOC_STRINGS = YES;
				SWIFT_VERSION = 5.0;
				TARGETED_DEVICE_FAMILY = "1,2,7";
				XROS_DEPLOYMENT_TARGET = 1.0;
			};
			name = Release;
		};
/* End XCBuildConfiguration section */

/* Begin XCConfigurationList section */
		443FAD182E61682E00C49988 /* Build configuration list for PBXProject "EZProxy" */ = {
			isa = XCConfigurationList;
			buildConfigurations = (
				443FAD3D2E61682F00C49988 /* Debug */,
				443FAD3E2E61682F00C49988 /* Release */,
			);
			defaultConfigurationIsVisible = 0;
			defaultConfigurationName = Release;
		};
		443FAD3F2E61682F00C49988 /* Build configuration list for PBXNativeTarget "EZProxy" */ = {
			isa = XCConfigurationList;
			buildConfigurations = (
				443FAD402E61682F00C49988 /* Debug */,
				443FAD412E61682F00C49988 /* Release */,
			);
			defaultConfigurationIsVisible = 0;
			defaultConfigurationName = Release;
		};
/* End XCConfigurationList section */
	};
	rootObject = 443FAD152E61682E00C49988 /* Project object */;
}
