// !$*UTF8*$!
{
	archiveVersion = 1;
	classes = {
	};
	objectVersion = 50;
	objects = {

/* Begin PBXBuildFile section */
		121BC17721509A3800BD885B /* AppDelegate.swift in Sources */ = {isa = PBXBuildFile; fileRef = 121BC17621509A3800BD885B /* AppDelegate.swift */; };
		121BC17921509A3800BD885B /* ViewController.swift in Sources */ = {isa = PBXBuildFile; fileRef = 121BC17821509A3800BD885B /* ViewController.swift */; };
		121BC17B21509A3C00BD885B /* Assets.xcassets in Resources */ = {isa = PBXBuildFile; fileRef = 121BC17A21509A3C00BD885B /* Assets.xcassets */; };
		121BC17E21509A3C00BD885B /* Main.storyboard in Resources */ = {isa = PBXBuildFile; fileRef = 121BC17C21509A3C00BD885B /* Main.storyboard */; };
		121BC18D21509A5D00BD885B /* Cocoa.framework in Frameworks */ = {isa = PBXBuildFile; fileRef = 121BC18C21509A5D00BD885B /* Cocoa.framework */; };
		121BC19021509A5D00BD885B /* SafariExtensionHandler.swift in Sources */ = {isa = PBXBuildFile; fileRef = 121BC18F21509A5D00BD885B /* SafariExtensionHandler.swift */; };
		121BC19221509A5D00BD885B /* SafariExtensionViewController.swift in Sources */ = {isa = PBXBuildFile; fileRef = 121BC19121509A5D00BD885B /* SafariExtensionViewController.swift */; };
		121BC19521509A5D00BD885B /* SafariExtensionViewController.xib in Resources */ = {isa = PBXBuildFile; fileRef = 121BC19321509A5D00BD885B /* SafariExtensionViewController.xib */; };
		121BC19821509A5D00BD885B /* script.js in Resources */ = {isa = PBXBuildFile; fileRef = 121BC19721509A5D00BD885B /* script.js */; };
		121BC19A21509A5D00BD885B /* ToolbarItemIcon.pdf in Resources */ = {isa = PBXBuildFile; fileRef = 121BC19921509A5D00BD885B /* ToolbarItemIcon.pdf */; };
		121BC19E21509A5D00BD885B /* EZProxy Safari.appex in Embed App Extensions */ = {isa = PBXBuildFile; fileRef = 121BC18A21509A5D00BD885B /* EZProxy Safari.appex */; settings = {ATTRIBUTES = (RemoveHeadersOnCopy, ); }; };
		121BC1A92150A0AA00BD885B /* ToolbarItemIcon.pdf in Resources */ = {isa = PBXBuildFile; fileRef = 121BC19921509A5D00BD885B /* ToolbarItemIcon.pdf */; };
		129C8AF323F4FC8200A5D5FC /* AppIconPurple.pdf in Resources */ = {isa = PBXBuildFile; fileRef = 129C8AF223F4FC8200A5D5FC /* AppIconPurple.pdf */; };
		12A3BFA623ED41C5006D3947 /* Security.framework in Frameworks */ = {isa = PBXBuildFile; fileRef = 12A3BFA523ED41C5006D3947 /* Security.framework */; };
		12FF0E4B252987F600F9D2A3 /* SafariServices.framework in Frameworks */ = {isa = PBXBuildFile; fileRef = 12FF0E4A252987F600F9D2A3 /* SafariServices.framework */; };
/* End PBXBuildFile section */

/* Begin PBXContainerItemProxy section */
		121BC19C21509A5D00BD885B /* PBXContainerItemProxy */ = {
			isa = PBXContainerItemProxy;
			containerPortal = 121BC16B21509A3800BD885B /* Project object */;
			proxyType = 1;
			remoteGlobalIDString = 121BC18921509A5D00BD885B;
			remoteInfo = "EZProxy Safari";
		};
/* End PBXContainerItemProxy section */

/* Begin PBXCopyFilesBuildPhase section */
		121BC1A221509A5D00BD885B /* Embed App Extensions */ = {
			isa = PBXCopyFilesBuildPhase;
			buildActionMask = 2147483647;
			dstPath = "";
			dstSubfolderSpec = 13;
			files = (
				121BC19E21509A5D00BD885B /* EZProxy Safari.appex in Embed App Extensions */,
			);
			name = "Embed App Extensions";
			runOnlyForDeploymentPostprocessing = 0;
		};
/* End PBXCopyFilesBuildPhase section */

/* Begin PBXFileReference section */
		121BC17321509A3800BD885B /* EZProxy.app */ = {isa = PBXFileReference; explicitFileType = wrapper.application; includeInIndex = 0; path = EZProxy.app; sourceTree = BUILT_PRODUCTS_DIR; };
		121BC17621509A3800BD885B /* AppDelegate.swift */ = {isa = PBXFileReference; lastKnownFileType = sourcecode.swift; path = AppDelegate.swift; sourceTree = "<group>"; };
		121BC17821509A3800BD885B /* ViewController.swift */ = {isa = PBXFileReference; lastKnownFileType = sourcecode.swift; path = ViewController.swift; sourceTree = "<group>"; };
		121BC17A21509A3C00BD885B /* Assets.xcassets */ = {isa = PBXFileReference; lastKnownFileType = folder.assetcatalog; path = Assets.xcassets; sourceTree = "<group>"; };
		121BC17D21509A3C00BD885B /* Base */ = {isa = PBXFileReference; lastKnownFileType = file.storyboard; name = Base; path = Base.lproj/Main.storyboard; sourceTree = "<group>"; };
		121BC17F21509A3C00BD885B /* Info.plist */ = {isa = PBXFileReference; lastKnownFileType = text.plist.xml; path = Info.plist; sourceTree = "<group>"; };
		121BC18A21509A5D00BD885B /* EZProxy Safari.appex */ = {isa = PBXFileReference; explicitFileType = "wrapper.app-extension"; includeInIndex = 0; path = "EZProxy Safari.appex"; sourceTree = BUILT_PRODUCTS_DIR; };
		121BC18C21509A5D00BD885B /* Cocoa.framework */ = {isa = PBXFileReference; lastKnownFileType = wrapper.framework; name = Cocoa.framework; path = System/Library/Frameworks/Cocoa.framework; sourceTree = SDKROOT; };
		121BC18F21509A5D00BD885B /* SafariExtensionHandler.swift */ = {isa = PBXFileReference; lastKnownFileType = sourcecode.swift; path = SafariExtensionHandler.swift; sourceTree = "<group>"; };
		121BC19121509A5D00BD885B /* SafariExtensionViewController.swift */ = {isa = PBXFileReference; lastKnownFileType = sourcecode.swift; path = SafariExtensionViewController.swift; sourceTree = "<group>"; };
		121BC19421509A5D00BD885B /* Base */ = {isa = PBXFileReference; lastKnownFileType = file.xib; name = Base; path = Base.lproj/SafariExtensionViewController.xib; sourceTree = "<group>"; };
		121BC19621509A5D00BD885B /* Info.plist */ = {isa = PBXFileReference; lastKnownFileType = text.plist.xml; path = Info.plist; sourceTree = "<group>"; };
		121BC19721509A5D00BD885B /* script.js */ = {isa = PBXFileReference; lastKnownFileType = sourcecode.javascript; path = script.js; sourceTree = "<group>"; };
		121BC19921509A5D00BD885B /* ToolbarItemIcon.pdf */ = {isa = PBXFileReference; lastKnownFileType = image.pdf; path = ToolbarItemIcon.pdf; sourceTree = "<group>"; };
		129C8AF223F4FC8200A5D5FC /* AppIconPurple.pdf */ = {isa = PBXFileReference; lastKnownFileType = image.pdf; path = AppIconPurple.pdf; sourceTree = "<group>"; };
		12A3BFA523ED41C5006D3947 /* Security.framework */ = {isa = PBXFileReference; lastKnownFileType = wrapper.framework; name = Security.framework; path = System/Library/Frameworks/Security.framework; sourceTree = SDKROOT; };
		12AF1D5DD98FC19D749477B1 /* Pods-EZProxy Safari.release.xcconfig */ = {isa = PBXFileReference; includeInIndex = 1; lastKnownFileType = text.xcconfig; name = "Pods-EZProxy Safari.release.xcconfig"; path = "Target Support Files/Pods-EZProxy Safari/Pods-EZProxy Safari.release.xcconfig"; sourceTree = "<group>"; };
		12C4AC3A2150AA3A0003B476 /* EZProxy.entitlements */ = {isa = PBXFileReference; lastKnownFileType = text.plist.entitlements; path = EZProxy.entitlements; sourceTree = "<group>"; };
		12C4AC3B2150AA3F0003B476 /* EZProxy Safari.entitlements */ = {isa = PBXFileReference; lastKnownFileType = text.plist.entitlements; path = "EZProxy Safari.entitlements"; sourceTree = "<group>"; };
		12FF0E4A252987F600F9D2A3 /* SafariServices.framework */ = {isa = PBXFileReference; lastKnownFileType = wrapper.framework; name = SafariServices.framework; path = System/Library/Frameworks/SafariServices.framework; sourceTree = SDKROOT; };
		38DB2394DB9003AC6088506C /* Pods-EZProxy Safari.debug.xcconfig */ = {isa = PBXFileReference; includeInIndex = 1; lastKnownFileType = text.xcconfig; name = "Pods-EZProxy Safari.debug.xcconfig"; path = "Target Support Files/Pods-EZProxy Safari/Pods-EZProxy Safari.debug.xcconfig"; sourceTree = "<group>"; };
		69FF54F66C1DC53D95B5C699 /* Pods_EZProxy_Safari.framework */ = {isa = PBXFileReference; explicitFileType = wrapper.framework; includeInIndex = 0; path = Pods_EZProxy_Safari.framework; sourceTree = BUILT_PRODUCTS_DIR; };
		A29DFCE8A7DC624E450A41AD /* Pods-EZProxy.debug.xcconfig */ = {isa = PBXFileReference; includeInIndex = 1; lastKnownFileType = text.xcconfig; name = "Pods-EZProxy.debug.xcconfig"; path = "Target Support Files/Pods-EZProxy/Pods-EZProxy.debug.xcconfig"; sourceTree = "<group>"; };
		D15D4419F0B54359AB083459 /* Pods_EZProxy.framework */ = {isa = PBXFileReference; explicitFileType = wrapper.framework; includeInIndex = 0; path = Pods_EZProxy.framework; sourceTree = BUILT_PRODUCTS_DIR; };
		F54765BC6A6833D45166F5A0 /* Pods-EZProxy.release.xcconfig */ = {isa = PBXFileReference; includeInIndex = 1; lastKnownFileType = text.xcconfig; name = "Pods-EZProxy.release.xcconfig"; path = "Target Support Files/Pods-EZProxy/Pods-EZProxy.release.xcconfig"; sourceTree = "<group>"; };
/* End PBXFileReference section */

/* Begin PBXFrameworksBuildPhase section */
		121BC17021509A3800BD885B /* Frameworks */ = {
			isa = PBXFrameworksBuildPhase;
			buildActionMask = 2147483647;
			files = (
				12A3BFA623ED41C5006D3947 /* Security.framework in Frameworks */,
			);
			runOnlyForDeploymentPostprocessing = 0;
		};
		121BC18721509A5D00BD885B /* Frameworks */ = {
			isa = PBXFrameworksBuildPhase;
			buildActionMask = 2147483647;
			files = (
				121BC18D21509A5D00BD885B /* Cocoa.framework in Frameworks */,
				12FF0E4B252987F600F9D2A3 /* SafariServices.framework in Frameworks */,
			);
			runOnlyForDeploymentPostprocessing = 0;
		};
/* End PBXFrameworksBuildPhase section */

/* Begin PBXGroup section */
		121BC16A21509A3800BD885B = {
			isa = PBXGroup;
			children = (
				121BC17521509A3800BD885B /* EZProxy */,
				121BC18E21509A5D00BD885B /* EZProxy Safari */,
				121BC18B21509A5D00BD885B /* Frameworks */,
				121BC17421509A3800BD885B /* Products */,
				3046F6DB68E587106A5C7F4E /* Pods */,
			);
			sourceTree = "<group>";
		};
		121BC17421509A3800BD885B /* Products */ = {
			isa = PBXGroup;
			children = (
				121BC17321509A3800BD885B /* EZProxy.app */,
				121BC18A21509A5D00BD885B /* EZProxy Safari.appex */,
			);
			name = Products;
			sourceTree = "<group>";
		};
		121BC17521509A3800BD885B /* EZProxy */ = {
			isa = PBXGroup;
			children = (
				12C4AC3A2150AA3A0003B476 /* EZProxy.entitlements */,
				121BC17621509A3800BD885B /* AppDelegate.swift */,
				121BC17821509A3800BD885B /* ViewController.swift */,
				121BC17A21509A3C00BD885B /* Assets.xcassets */,
				121BC17C21509A3C00BD885B /* Main.storyboard */,
				129C8AF223F4FC8200A5D5FC /* AppIconPurple.pdf */,
				121BC17F21509A3C00BD885B /* Info.plist */,
			);
			path = EZProxy;
			sourceTree = "<group>";
		};
		121BC18B21509A5D00BD885B /* Frameworks */ = {
			isa = PBXGroup;
			children = (
				12FF0E4A252987F600F9D2A3 /* SafariServices.framework */,
				12A3BFA523ED41C5006D3947 /* Security.framework */,
				121BC18C21509A5D00BD885B /* Cocoa.framework */,
				D15D4419F0B54359AB083459 /* Pods_EZProxy.framework */,
				69FF54F66C1DC53D95B5C699 /* Pods_EZProxy_Safari.framework */,
			);
			name = Frameworks;
			sourceTree = "<group>";
		};
		121BC18E21509A5D00BD885B /* EZProxy Safari */ = {
			isa = PBXGroup;
			children = (
				12C4AC3B2150AA3F0003B476 /* EZProxy Safari.entitlements */,
				121BC18F21509A5D00BD885B /* SafariExtensionHandler.swift */,
				121BC19121509A5D00BD885B /* SafariExtensionViewController.swift */,
				121BC19321509A5D00BD885B /* SafariExtensionViewController.xib */,
				121BC19621509A5D00BD885B /* Info.plist */,
				121BC19721509A5D00BD885B /* script.js */,
				121BC19921509A5D00BD885B /* ToolbarItemIcon.pdf */,
			);
			path = "EZProxy Safari";
			sourceTree = "<group>";
		};
		3046F6DB68E587106A5C7F4E /* Pods */ = {
			isa = PBXGroup;
			children = (
				A29DFCE8A7DC624E450A41AD /* Pods-EZProxy.debug.xcconfig */,
				F54765BC6A6833D45166F5A0 /* Pods-EZProxy.release.xcconfig */,
				38DB2394DB9003AC6088506C /* Pods-EZProxy Safari.debug.xcconfig */,
				12AF1D5DD98FC19D749477B1 /* Pods-EZProxy Safari.release.xcconfig */,
			);
			path = Pods;
			sourceTree = "<group>";
		};
/* End PBXGroup section */

/* Begin PBXNativeTarget section */
		121BC17221509A3800BD885B /* EZProxy */ = {
			isa = PBXNativeTarget;
			buildConfigurationList = 121BC18321509A3C00BD885B /* Build configuration list for PBXNativeTarget "EZProxy" */;
			buildPhases = (
				2ED0A403F0BCA60D7366E48F /* [CP] Check Pods Manifest.lock */,
				121BC16F21509A3800BD885B /* Sources */,
				121BC17021509A3800BD885B /* Frameworks */,
				121BC17121509A3800BD885B /* Resources */,
				121BC1A221509A5D00BD885B /* Embed App Extensions */,
			);
			buildRules = (
			);
			dependencies = (
				121BC19D21509A5D00BD885B /* PBXTargetDependency */,
			);
			name = EZProxy;
			productName = EZProxy;
			productReference = 121BC17321509A3800BD885B /* EZProxy.app */;
			productType = "com.apple.product-type.application";
		};
		121BC18921509A5D00BD885B /* EZProxy Safari */ = {
			isa = PBXNativeTarget;
			buildConfigurationList = 121BC19F21509A5D00BD885B /* Build configuration list for PBXNativeTarget "EZProxy Safari" */;
			buildPhases = (
				2360D9C88C35480803BB8BAC /* [CP] Check Pods Manifest.lock */,
				121BC18621509A5D00BD885B /* Sources */,
				121BC18721509A5D00BD885B /* Frameworks */,
				121BC18821509A5D00BD885B /* Resources */,
			);
			buildRules = (
			);
			dependencies = (
			);
			name = "EZProxy Safari";
			productName = "EZProxy Safari";
			productReference = 121BC18A21509A5D00BD885B /* EZProxy Safari.appex */;
			productType = "com.apple.product-type.app-extension";
		};
/* End PBXNativeTarget section */

/* Begin PBXProject section */
		121BC16B21509A3800BD885B /* Project object */ = {
			isa = PBXProject;
			attributes = {
				LastSwiftUpdateCheck = 1000;
				LastUpgradeCheck = 1220;
				ORGANIZATIONNAME = "Aidan Cornelius-Bell";
				TargetAttributes = {
					121BC17221509A3800BD885B = {
						CreatedOnToolsVersion = 10.0;
						LastSwiftMigration = 1130;
						SystemCapabilities = {
							com.apple.Sandbox = {
								enabled = 0;
							};
						};
					};
					121BC18921509A5D00BD885B = {
						CreatedOnToolsVersion = 10.0;
						LastSwiftMigration = 1130;
						SystemCapabilities = {
							com.apple.Sandbox = {
								enabled = 1;
							};
						};
					};
				};
			};
			buildConfigurationList = 121BC16E21509A3800BD885B /* Build configuration list for PBXProject "EZProxy" */;
			compatibilityVersion = "Xcode 9.3";
			developmentRegion = en;
			hasScannedForEncodings = 0;
			knownRegions = (
				en,
				Base,
			);
			mainGroup = 121BC16A21509A3800BD885B;
			productRefGroup = 121BC17421509A3800BD885B /* Products */;
			projectDirPath = "";
			projectRoot = "";
			targets = (
				121BC17221509A3800BD885B /* EZProxy */,
				121BC18921509A5D00BD885B /* EZProxy Safari */,
			);
		};
/* End PBXProject section */

/* Begin PBXResourcesBuildPhase section */
		121BC17121509A3800BD885B /* Resources */ = {
			isa = PBXResourcesBuildPhase;
			buildActionMask = 2147483647;
			files = (
				121BC17B21509A3C00BD885B /* Assets.xcassets in Resources */,
				121BC17E21509A3C00BD885B /* Main.storyboard in Resources */,
				121BC1A92150A0AA00BD885B /* ToolbarItemIcon.pdf in Resources */,
				129C8AF323F4FC8200A5D5FC /* AppIconPurple.pdf in Resources */,
			);
			runOnlyForDeploymentPostprocessing = 0;
		};
		121BC18821509A5D00BD885B /* Resources */ = {
			isa = PBXResourcesBuildPhase;
			buildActionMask = 2147483647;
			files = (
				121BC19A21509A5D00BD885B /* ToolbarItemIcon.pdf in Resources */,
				121BC19521509A5D00BD885B /* SafariExtensionViewController.xib in Resources */,
				121BC19821509A5D00BD885B /* script.js in Resources */,
			);
			runOnlyForDeploymentPostprocessing = 0;
		};
/* End PBXResourcesBuildPhase section */

/* Begin PBXShellScriptBuildPhase section */
		2360D9C88C35480803BB8BAC /* [CP] Check Pods Manifest.lock */ = {
			isa = PBXShellScriptBuildPhase;
			buildActionMask = 2147483647;
			files = (
			);
			inputFileListPaths = (
			);
			inputPaths = (
				"${PODS_PODFILE_DIR_PATH}/Podfile.lock",
				"${PODS_ROOT}/Manifest.lock",
			);
			name = "[CP] Check Pods Manifest.lock";
			outputFileListPaths = (
			);
			outputPaths = (
				"$(DERIVED_FILE_DIR)/Pods-EZProxy Safari-checkManifestLockResult.txt",
			);
			runOnlyForDeploymentPostprocessing = 0;
			shellPath = /bin/sh;
			shellScript = "diff \"${PODS_PODFILE_DIR_PATH}/Podfile.lock\" \"${PODS_ROOT}/Manifest.lock\" > /dev/null\nif [ $? != 0 ] ; then\n    # print error to STDERR\n    echo \"error: The sandbox is not in sync with the Podfile.lock. Run 'pod install' or update your CocoaPods installation.\" >&2\n    exit 1\nfi\n# This output is used by Xcode 'outputs' to avoid re-running this script phase.\necho \"SUCCESS\" > \"${SCRIPT_OUTPUT_FILE_0}\"\n";
			showEnvVarsInLog = 0;
		};
		2ED0A403F0BCA60D7366E48F /* [CP] Check Pods Manifest.lock */ = {
			isa = PBXShellScriptBuildPhase;
			buildActionMask = 2147483647;
			files = (
			);
			inputFileListPaths = (
			);
			inputPaths = (
				"${PODS_PODFILE_DIR_PATH}/Podfile.lock",
				"${PODS_ROOT}/Manifest.lock",
			);
			name = "[CP] Check Pods Manifest.lock";
			outputFileListPaths = (
			);
			outputPaths = (
				"$(DERIVED_FILE_DIR)/Pods-EZProxy-checkManifestLockResult.txt",
			);
			runOnlyForDeploymentPostprocessing = 0;
			shellPath = /bin/sh;
			shellScript = "diff \"${PODS_PODFILE_DIR_PATH}/Podfile.lock\" \"${PODS_ROOT}/Manifest.lock\" > /dev/null\nif [ $? != 0 ] ; then\n    # print error to STDERR\n    echo \"error: The sandbox is not in sync with the Podfile.lock. Run 'pod install' or update your CocoaPods installation.\" >&2\n    exit 1\nfi\n# This output is used by Xcode 'outputs' to avoid re-running this script phase.\necho \"SUCCESS\" > \"${SCRIPT_OUTPUT_FILE_0}\"\n";
			showEnvVarsInLog = 0;
		};
/* End PBXShellScriptBuildPhase section */

/* Begin PBXSourcesBuildPhase section */
		121BC16F21509A3800BD885B /* Sources */ = {
			isa = PBXSourcesBuildPhase;
			buildActionMask = 2147483647;
			files = (
				121BC17921509A3800BD885B /* ViewController.swift in Sources */,
				121BC17721509A3800BD885B /* AppDelegate.swift in Sources */,
			);
			runOnlyForDeploymentPostprocessing = 0;
		};
		121BC18621509A5D00BD885B /* Sources */ = {
			isa = PBXSourcesBuildPhase;
			buildActionMask = 2147483647;
			files = (
				121BC19221509A5D00BD885B /* SafariExtensionViewController.swift in Sources */,
				121BC19021509A5D00BD885B /* SafariExtensionHandler.swift in Sources */,
			);
			runOnlyForDeploymentPostprocessing = 0;
		};
/* End PBXSourcesBuildPhase section */

/* Begin PBXTargetDependency section */
		121BC19D21509A5D00BD885B /* PBXTargetDependency */ = {
			isa = PBXTargetDependency;
			target = 121BC18921509A5D00BD885B /* EZProxy Safari */;
			targetProxy = 121BC19C21509A5D00BD885B /* PBXContainerItemProxy */;
		};
/* End PBXTargetDependency section */

/* Begin PBXVariantGroup section */
		121BC17C21509A3C00BD885B /* Main.storyboard */ = {
			isa = PBXVariantGroup;
			children = (
				121BC17D21509A3C00BD885B /* Base */,
			);
			name = Main.storyboard;
			sourceTree = "<group>";
		};
		121BC19321509A5D00BD885B /* SafariExtensionViewController.xib */ = {
			isa = PBXVariantGroup;
			children = (
				121BC19421509A5D00BD885B /* Base */,
			);
			name = SafariExtensionViewController.xib;
			sourceTree = "<group>";
		};
/* End PBXVariantGroup section */

/* Begin XCBuildConfiguration section */
		121BC18121509A3C00BD885B /* Debug */ = {
			isa = XCBuildConfiguration;
			buildSettings = {
				ALWAYS_SEARCH_USER_PATHS = NO;
				CLANG_ANALYZER_NONNULL = YES;
				CLANG_ANALYZER_NUMBER_OBJECT_CONVERSION = YES_AGGRESSIVE;
				CLANG_CXX_LANGUAGE_STANDARD = "gnu++14";
				CLANG_CXX_LIBRARY = "libc++";
				CLANG_ENABLE_MODULES = YES;
				CLANG_ENABLE_OBJC_ARC = YES;
				CLANG_ENABLE_OBJC_WEAK = YES;
				CLANG_WARN_BLOCK_CAPTURE_AUTORELEASING = YES;
				CLANG_WARN_BOOL_CONVERSION = YES;
				CLANG_WARN_COMMA = YES;
				CLANG_WARN_CONSTANT_CONVERSION = YES;
				CLANG_WARN_DEPRECATED_OBJC_IMPLEMENTATIONS = YES;
				CLANG_WARN_DIRECT_OBJC_ISA_USAGE = YES_ERROR;
				CLANG_WARN_DOCUMENTATION_COMMENTS = YES;
				CLANG_WARN_EMPTY_BODY = YES;
				CLANG_WARN_ENUM_CONVERSION = YES;
				CLANG_WARN_INFINITE_RECURSION = YES;
				CLANG_WARN_INT_CONVERSION = YES;
				CLANG_WARN_NON_LITERAL_NULL_CONVERSION = YES;
				CLANG_WARN_OBJC_IMPLICIT_RETAIN_SELF = YES;
				CLANG_WARN_OBJC_LITERAL_CONVERSION = YES;
				CLANG_WARN_OBJC_ROOT_CLASS = YES_ERROR;
				CLANG_WARN_QUOTED_INCLUDE_IN_FRAMEWORK_HEADER = YES;
				CLANG_WARN_RANGE_LOOP_ANALYSIS = YES;
				CLANG_WARN_STRICT_PROTOTYPES = YES;
				CLANG_WARN_SUSPICIOUS_MOVE = YES;
				CLANG_WARN_UNGUARDED_AVAILABILITY = YES_AGGRESSIVE;
				CLANG_WARN_UNREACHABLE_CODE = YES;
				CLANG_WARN__DUPLICATE_METHOD_MATCH = YES;
				CODE_SIGN_IDENTITY = "Developer ID Application: Aidan Cornelius-Bell (HK6R36PLNR)";
				COPY_PHASE_STRIP = NO;
				DEBUG_INFORMATION_FORMAT = dwarf;
				ENABLE_STRICT_OBJC_MSGSEND = YES;
				ENABLE_TESTABILITY = YES;
				GCC_C_LANGUAGE_STANDARD = gnu11;
				GCC_DYNAMIC_NO_PIC = NO;
				GCC_NO_COMMON_BLOCKS = YES;
				GCC_OPTIMIZATION_LEVEL = 0;
				GCC_PREPROCESSOR_DEFINITIONS = (
					"DEBUG=1",
					"$(inherited)",
				);
				GCC_WARN_64_TO_32_BIT_CONVERSION = YES;
				GCC_WARN_ABOUT_RETURN_TYPE = YES_ERROR;
				GCC_WARN_UNDECLARED_SELECTOR = YES;
				GCC_WARN_UNINITIALIZED_AUTOS = YES_AGGRESSIVE;
				GCC_WARN_UNUSED_FUNCTION = YES;
				GCC_WARN_UNUSED_VARIABLE = YES;
				MACOSX_DEPLOYMENT_TARGET = 10.13;
				MTL_ENABLE_DEBUG_INFO = INCLUDE_SOURCE;
				MTL_FAST_MATH = YES;
				ONLY_ACTIVE_ARCH = YES;
				SDKROOT = macosx;
				SWIFT_ACTIVE_COMPILATION_CONDITIONS = DEBUG;
				SWIFT_OPTIMIZATION_LEVEL = "-Onone";
			};
			name = Debug;
		};
		121BC18221509A3C00BD885B /* Release */ = {
			isa = XCBuildConfiguration;
			buildSettings = {
				ALWAYS_SEARCH_USER_PATHS = NO;
				CLANG_ANALYZER_NONNULL = YES;
				CLANG_ANALYZER_NUMBER_OBJECT_CONVERSION = YES_AGGRESSIVE;
				CLANG_CXX_LANGUAGE_STANDARD = "gnu++14";
				CLANG_CXX_LIBRARY = "libc++";
				CLANG_ENABLE_MODULES = YES;
				CLANG_ENABLE_OBJC_ARC = YES;
				CLANG_ENABLE_OBJC_WEAK = YES;
				CLANG_WARN_BLOCK_CAPTURE_AUTORELEASING = YES;
				CLANG_WARN_BOOL_CONVERSION = YES;
				CLANG_WARN_COMMA = YES;
				CLANG_WARN_CONSTANT_CONVERSION = YES;
				CLANG_WARN_DEPRECATED_OBJC_IMPLEMENTATIONS = YES;
				CLANG_WARN_DIRECT_OBJC_ISA_USAGE = YES_ERROR;
				CLANG_WARN_DOCUMENTATION_COMMENTS = YES;
				CLANG_WARN_EMPTY_BODY = YES;
				CLANG_WARN_ENUM_CONVERSION = YES;
				CLANG_WARN_INFINITE_RECURSION = YES;
				CLANG_WARN_INT_CONVERSION = YES;
				CLANG_WARN_NON_LITERAL_NULL_CONVERSION = YES;
				CLANG_WARN_OBJC_IMPLICIT_RETAIN_SELF = YES;
				CLANG_WARN_OBJC_LITERAL_CONVERSION = YES;
				CLANG_WARN_OBJC_ROOT_CLASS = YES_ERROR;
				CLANG_WARN_QUOTED_INCLUDE_IN_FRAMEWORK_HEADER = YES;
				CLANG_WARN_RANGE_LOOP_ANALYSIS = YES;
				CLANG_WARN_STRICT_PROTOTYPES = YES;
				CLANG_WARN_SUSPICIOUS_MOVE = YES;
				CLANG_WARN_UNGUARDED_AVAILABILITY = YES_AGGRESSIVE;
				CLANG_WARN_UNREACHABLE_CODE = YES;
				CLANG_WARN__DUPLICATE_METHOD_MATCH = YES;
				CODE_SIGN_IDENTITY = "Developer ID Application: Aidan Cornelius-Bell (HK6R36PLNR)";
				COPY_PHASE_STRIP = NO;
				DEBUG_INFORMATION_FORMAT = "dwarf-with-dsym";
				ENABLE_NS_ASSERTIONS = NO;
				ENABLE_STRICT_OBJC_MSGSEND = YES;
				GCC_C_LANGUAGE_STANDARD = gnu11;
				GCC_NO_COMMON_BLOCKS = YES;
				GCC_WARN_64_TO_32_BIT_CONVERSION = YES;
				GCC_WARN_ABOUT_RETURN_TYPE = YES_ERROR;
				GCC_WARN_UNDECLARED_SELECTOR = YES;
				GCC_WARN_UNINITIALIZED_AUTOS = YES_AGGRESSIVE;
				GCC_WARN_UNUSED_FUNCTION = YES;
				GCC_WARN_UNUSED_VARIABLE = YES;
				MACOSX_DEPLOYMENT_TARGET = 10.13;
				MTL_ENABLE_DEBUG_INFO = NO;
				MTL_FAST_MATH = YES;
				SDKROOT = macosx;
				SWIFT_COMPILATION_MODE = wholemodule;
				SWIFT_OPTIMIZATION_LEVEL = "-O";
			};
			name = Release;
		};
		121BC18421509A3C00BD885B /* Debug */ = {
			isa = XCBuildConfiguration;
			baseConfigurationReference = A29DFCE8A7DC624E450A41AD /* Pods-EZProxy.debug.xcconfig */;
			buildSettings = {
				ALWAYS_EMBED_SWIFT_STANDARD_LIBRARIES = YES;
				ASSETCATALOG_COMPILER_APPICON_NAME = AppIcon;
				CODE_SIGN_ENTITLEMENTS = EZProxy/EZProxy.entitlements;
				CODE_SIGN_IDENTITY = "Apple Development";
				CODE_SIGN_STYLE = Automatic;
				COMBINE_HIDPI_IMAGES = YES;
				CURRENT_PROJECT_VERSION = 17;
				DEVELOPMENT_TEAM = HK6R36PLNR;
				ENABLE_HARDENED_RUNTIME = YES;
				INFOPLIST_FILE = EZProxy/Info.plist;
				LD_RUNPATH_SEARCH_PATHS = (
					"$(inherited)",
					"@executable_path/../Frameworks",
				);
				MACOSX_DEPLOYMENT_TARGET = 10.13;
				MARKETING_VERSION = 2022.02;
				PRODUCT_BUNDLE_IDENTIFIER = "com.cornelius-bell.EZProxy";
				PRODUCT_NAME = "$(TARGET_NAME)";
				PROVISIONING_PROFILE_SPECIFIER = "";
				SWIFT_OBJC_BRIDGING_HEADER = "EZProxy/EZProxy-Bridging-Header.h";
				SWIFT_VERSION = 5.0;
			};
			name = Debug;
		};
		121BC18521509A3C00BD885B /* Release */ = {
			isa = XCBuildConfiguration;
			baseConfigurationReference = F54765BC6A6833D45166F5A0 /* Pods-EZProxy.release.xcconfig */;
			buildSettings = {
				ALWAYS_EMBED_SWIFT_STANDARD_LIBRARIES = YES;
				ASSETCATALOG_COMPILER_APPICON_NAME = AppIcon;
				CODE_SIGN_ENTITLEMENTS = EZProxy/EZProxy.entitlements;
				CODE_SIGN_IDENTITY = "Apple Development";
				CODE_SIGN_STYLE = Automatic;
				COMBINE_HIDPI_IMAGES = YES;
				CURRENT_PROJECT_VERSION = 17;
				DEVELOPMENT_TEAM = HK6R36PLNR;
				ENABLE_HARDENED_RUNTIME = YES;
				INFOPLIST_FILE = EZProxy/Info.plist;
				LD_RUNPATH_SEARCH_PATHS = (
					"$(inherited)",
					"@executable_path/../Frameworks",
				);
				MACOSX_DEPLOYMENT_TARGET = 10.13;
				MARKETING_VERSION = 2022.02;
				PRODUCT_BUNDLE_IDENTIFIER = "com.cornelius-bell.EZProxy";
				PRODUCT_NAME = "$(TARGET_NAME)";
				PROVISIONING_PROFILE_SPECIFIER = "";
				SWIFT_OBJC_BRIDGING_HEADER = "EZProxy/EZProxy-Bridging-Header.h";
				SWIFT_VERSION = 5.0;
			};
			name = Release;
		};
		121BC1A021509A5D00BD885B /* Debug */ = {
			isa = XCBuildConfiguration;
			baseConfigurationReference = 38DB2394DB9003AC6088506C /* Pods-EZProxy Safari.debug.xcconfig */;
			buildSettings = {
				CODE_SIGN_ENTITLEMENTS = "EZProxy Safari/EZProxy Safari.entitlements";
				CODE_SIGN_IDENTITY = "Apple Development";
				CODE_SIGN_STYLE = Automatic;
				CURRENT_PROJECT_VERSION = 17;
				DEVELOPMENT_TEAM = HK6R36PLNR;
				ENABLE_HARDENED_RUNTIME = YES;
				INFOPLIST_FILE = "EZProxy Safari/Info.plist";
				LD_RUNPATH_SEARCH_PATHS = (
					"$(inherited)",
					"@executable_path/../Frameworks",
					"@executable_path/../../../../Frameworks",
				);
				MACOSX_DEPLOYMENT_TARGET = 10.13;
				MARKETING_VERSION = 2022.02;
				PRODUCT_BUNDLE_IDENTIFIER = "com.cornelius-bell.EZProxy.EZProxy-Safari";
				PRODUCT_NAME = "$(TARGET_NAME)";
				PROVISIONING_PROFILE_SPECIFIER = "";
				SKIP_INSTALL = YES;
				SWIFT_VERSION = 5.0;
			};
			name = Debug;
		};
		121BC1A121509A5D00BD885B /* Release */ = {
			isa = XCBuildConfiguration;
			baseConfigurationReference = 12AF1D5DD98FC19D749477B1 /* Pods-EZProxy Safari.release.xcconfig */;
			buildSettings = {
				CODE_SIGN_ENTITLEMENTS = "EZProxy Safari/EZProxy Safari.entitlements";
				CODE_SIGN_IDENTITY = "Apple Development";
				CODE_SIGN_STYLE = Automatic;
				CURRENT_PROJECT_VERSION = 17;
				DEVELOPMENT_TEAM = HK6R36PLNR;
				ENABLE_HARDENED_RUNTIME = YES;
				INFOPLIST_FILE = "EZProxy Safari/Info.plist";
				LD_RUNPATH_SEARCH_PATHS = (
					"$(inherited)",
					"@executable_path/../Frameworks",
					"@executable_path/../../../../Frameworks",
				);
				MACOSX_DEPLOYMENT_TARGET = 10.13;
				MARKETING_VERSION = 2022.02;
				PRODUCT_BUNDLE_IDENTIFIER = "com.cornelius-bell.EZProxy.EZProxy-Safari";
				PRODUCT_NAME = "$(TARGET_NAME)";
				PROVISIONING_PROFILE_SPECIFIER = "";
				SKIP_INSTALL = YES;
				SWIFT_VERSION = 5.0;
			};
			name = Release;
		};
/* End XCBuildConfiguration section */

/* Begin XCConfigurationList section */
		121BC16E21509A3800BD885B /* Build configuration list for PBXProject "EZProxy" */ = {
			isa = XCConfigurationList;
			buildConfigurations = (
				121BC18121509A3C00BD885B /* Debug */,
				121BC18221509A3C00BD885B /* Release */,
			);
			defaultConfigurationIsVisible = 0;
			defaultConfigurationName = Release;
		};
		121BC18321509A3C00BD885B /* Build configuration list for PBXNativeTarget "EZProxy" */ = {
			isa = XCConfigurationList;
			buildConfigurations = (
				121BC18421509A3C00BD885B /* Debug */,
				121BC18521509A3C00BD885B /* Release */,
			);
			defaultConfigurationIsVisible = 0;
			defaultConfigurationName = Release;
		};
		121BC19F21509A5D00BD885B /* Build configuration list for PBXNativeTarget "EZProxy Safari" */ = {
			isa = XCConfigurationList;
			buildConfigurations = (
				121BC1A021509A5D00BD885B /* Debug */,
				121BC1A121509A5D00BD885B /* Release */,
			);
			defaultConfigurationIsVisible = 0;
			defaultConfigurationName = Release;
		};
/* End XCConfigurationList section */
	};
	rootObject = 121BC16B21509A3800BD885B /* Project object */;
}
