PODS:
  - LetsMove (1.24)
  - Sparkle (1.21.3)

DEPENDENCIES:
  - LetsMove
  - Sparkle

SPEC REPOS:
  https://github.com/cocoapods/specs.git:
    - LetsMove
    - Sparkle

SPEC CHECKSUMS:
  LetsMove: fefe56bc7bc7fb7d37049e28a14f297961229fc5
  Sparkle: 3f75576db8b0265adef36c43249d747f22d0b708

PODFILE CHECKSUM: bacd33ad11fc9f1d8f617b378b25ed1c7f3d4dd1

COCOAPODS: 1.7.5
